// !$*UTF8*$!
{
	archiveVersion = 1;
	classes = {
	};
	objectVersion = 51;
	objects = {

/* Begin PBXBuildFile section */
		055BD79050CB15C2CDA67A6A /* Pods_farm.framework in Frameworks */ = {isa = PBXBuildFile; fileRef = F8E0FB7B2F64EC8FD05FFA7E /* Pods_farm.framework */; };
		45544BBE24AB06BB00ECDF86 /* AppDelegate.swift in Sources */ = {isa = PBXBuildFile; fileRef = 45544BBD24AB06BB00ECDF86 /* AppDelegate.swift */; };
		45544BC024AB06BB00ECDF86 /* SceneDelegate.swift in Sources */ = {isa = PBXBuildFile; fileRef = 45544BBF24AB06BB00ECDF86 /* SceneDelegate.swift */; };
		45544BC224AB06BB00ECDF86 /* ViewController.swift in Sources */ = {isa = PBXBuildFile; fileRef = 45544BC124AB06BB00ECDF86 /* ViewController.swift */; };
		45544BC524AB06BB00ECDF86 /* Main.storyboard in Resources */ = {isa = PBXBuildFile; fileRef = 45544BC324AB06BB00ECDF86 /* Main.storyboard */; };
		45544BC724AB06BF00ECDF86 /* Assets.xcassets in Resources */ = {isa = PBXBuildFile; fileRef = 45544BC624AB06BF00ECDF86 /* Assets.xcassets */; };
		45544BCA24AB06BF00ECDF86 /* LaunchScreen.storyboard in Resources */ = {isa = PBXBuildFile; fileRef = 45544BC824AB06BF00ECDF86 /* LaunchScreen.storyboard */; };
		459FABD124C8066300613F0D /* LoginViewController.swift in Sources */ = {isa = PBXBuildFile; fileRef = 459FABD024C8066300613F0D /* LoginViewController.swift */; };
		459FABD624C806EB00613F0D /* NibInstantiatable.swift in Sources */ = {isa = PBXBuildFile; fileRef = 459FABD524C806EB00613F0D /* NibInstantiatable.swift */; };
		459FABD824C807BC00613F0D /* Login.storyboard in Resources */ = {isa = PBXBuildFile; fileRef = 459FABD724C807BC00613F0D /* Login.storyboard */; };
		459FABDB24C81E2000613F0D /* TestScenario.framework in Frameworks */ = {isa = PBXBuildFile; fileRef = 459FABCB24C7869D00613F0D /* TestScenario.framework */; };
		459FABDC24C81E2000613F0D /* TestScenario.framework in Embed Frameworks */ = {isa = PBXBuildFile; fileRef = 459FABCB24C7869D00613F0D /* TestScenario.framework */; settings = {ATTRIBUTES = (RemoveHeadersOnCopy, ); }; };
		459FABDE24C81E2100613F0D /* TestScenarioUI.framework in Frameworks */ = {isa = PBXBuildFile; fileRef = 459FABC924C7869D00613F0D /* TestScenarioUI.framework */; };
		459FABDF24C81E2100613F0D /* TestScenarioUI.framework in Embed Frameworks */ = {isa = PBXBuildFile; fileRef = 459FABC924C7869D00613F0D /* TestScenarioUI.framework */; settings = {ATTRIBUTES = (RemoveHeadersOnCopy, ); }; };
/* End PBXBuildFile section */

/* Begin PBXCopyFilesBuildPhase section */
		459FABDD24C81E2000613F0D /* Embed Frameworks */ = {
			isa = PBXCopyFilesBuildPhase;
			buildActionMask = 2147483647;
			dstPath = "";
			dstSubfolderSpec = 10;
			files = (
				459FABDF24C81E2100613F0D /* TestScenarioUI.framework in Embed Frameworks */,
				459FABDC24C81E2000613F0D /* TestScenario.framework in Embed Frameworks */,
			);
			name = "Embed Frameworks";
			runOnlyForDeploymentPostprocessing = 0;
		};
/* End PBXCopyFilesBuildPhase section */

/* Begin PBXFileReference section */
		45544BBA24AB06BB00ECDF86 /* farm.app */ = {isa = PBXFileReference; explicitFileType = wrapper.application; includeInIndex = 0; path = farm.app; sourceTree = BUILT_PRODUCTS_DIR; };
		45544BBD24AB06BB00ECDF86 /* AppDelegate.swift */ = {isa = PBXFileReference; lastKnownFileType = sourcecode.swift; path = AppDelegate.swift; sourceTree = "<group>"; };
		45544BBF24AB06BB00ECDF86 /* SceneDelegate.swift */ = {isa = PBXFileReference; lastKnownFileType = sourcecode.swift; path = SceneDelegate.swift; sourceTree = "<group>"; };
		45544BC124AB06BB00ECDF86 /* ViewController.swift */ = {isa = PBXFileReference; lastKnownFileType = sourcecode.swift; path = ViewController.swift; sourceTree = "<group>"; };
		45544BC424AB06BB00ECDF86 /* Base */ = {isa = PBXFileReference; lastKnownFileType = file.storyboard; name = Base; path = Base.lproj/Main.storyboard; sourceTree = "<group>"; };
		45544BC624AB06BF00ECDF86 /* Assets.xcassets */ = {isa = PBXFileReference; lastKnownFileType = folder.assetcatalog; path = Assets.xcassets; sourceTree = "<group>"; };
		45544BC924AB06BF00ECDF86 /* Base */ = {isa = PBXFileReference; lastKnownFileType = file.storyboard; name = Base; path = Base.lproj/LaunchScreen.storyboard; sourceTree = "<group>"; };
		45544BCB24AB06BF00ECDF86 /* Info.plist */ = {isa = PBXFileReference; lastKnownFileType = text.plist.xml; path = Info.plist; sourceTree = "<group>"; };
		459FABC924C7869D00613F0D /* TestScenarioUI.framework */ = {isa = PBXFileReference; lastKnownFileType = wrapper.framework; path = TestScenarioUI.framework; sourceTree = "<group>"; };
		459FABCA24C7869D00613F0D /* TestScenarioUtils.framework */ = {isa = PBXFileReference; lastKnownFileType = wrapper.framework; path = TestScenarioUtils.framework; sourceTree = "<group>"; };
		459FABCB24C7869D00613F0D /* TestScenario.framework */ = {isa = PBXFileReference; lastKnownFileType = wrapper.framework; path = TestScenario.framework; sourceTree = "<group>"; };
		459FABD024C8066300613F0D /* LoginViewController.swift */ = {isa = PBXFileReference; lastKnownFileType = sourcecode.swift; path = LoginViewController.swift; sourceTree = "<group>"; };
		459FABD524C806EB00613F0D /* NibInstantiatable.swift */ = {isa = PBXFileReference; fileEncoding = 4; lastKnownFileType = sourcecode.swift; path = NibInstantiatable.swift; sourceTree = "<group>"; };
		459FABD724C807BC00613F0D /* Login.storyboard */ = {isa = PBXFileReference; lastKnownFileType = file.storyboard; path = Login.storyboard; sourceTree = "<group>"; };
		853527406ADAEB51FC4FEA98 /* Pods-farm.release.xcconfig */ = {isa = PBXFileReference; includeInIndex = 1; lastKnownFileType = text.xcconfig; name = "Pods-farm.release.xcconfig"; path = "Target Support Files/Pods-farm/Pods-farm.release.xcconfig"; sourceTree = "<group>"; };
		E760F3CC69CCBD84D387650E /* Pods-farm.debug.xcconfig */ = {isa = PBXFileReference; includeInIndex = 1; lastKnownFileType = text.xcconfig; name = "Pods-farm.debug.xcconfig"; path = "Target Support Files/Pods-farm/Pods-farm.debug.xcconfig"; sourceTree = "<group>"; };
		F8E0FB7B2F64EC8FD05FFA7E /* Pods_farm.framework */ = {isa = PBXFileReference; explicitFileType = wrapper.framework; includeInIndex = 0; path = Pods_farm.framework; sourceTree = BUILT_PRODUCTS_DIR; };
/* End PBXFileReference section */

/* Begin PBXFrameworksBuildPhase section */
		45544BB724AB06BB00ECDF86 /* Frameworks */ = {
			isa = PBXFrameworksBuildPhase;
			buildActionMask = 2147483647;
			files = (
				459FABDB24C81E2000613F0D /* TestScenario.framework in Frameworks */,
				459FABDE24C81E2100613F0D /* TestScenarioUI.framework in Frameworks */,
				055BD79050CB15C2CDA67A6A /* Pods_farm.framework in Frameworks */,
			);
			runOnlyForDeploymentPostprocessing = 0;
		};
/* End PBXFrameworksBuildPhase section */

/* Begin PBXGroup section */
		45544BB124AB06BB00ECDF86 = {
			isa = PBXGroup;
			children = (
				45544BBC24AB06BB00ECDF86 /* farm */,
				45544BBB24AB06BB00ECDF86 /* Products */,
				459FABC824C7866D00613F0D /* ThirdParty */,
				7B8FA95FB4F6127F3965BB78 /* Pods */,
				D03CD518BDE4F1B55FE838F6 /* Frameworks */,
			);
			sourceTree = "<group>";
		};
		45544BBB24AB06BB00ECDF86 /* Products */ = {
			isa = PBXGroup;
			children = (
				45544BBA24AB06BB00ECDF86 /* farm.app */,
			);
			name = Products;
			sourceTree = "<group>";
		};
		45544BBC24AB06BB00ECDF86 /* farm */ = {
			isa = PBXGroup;
			children = (
				459FABCF24C8033500613F0D /* UI */,
				45544BBD24AB06BB00ECDF86 /* AppDelegate.swift */,
				45544BBF24AB06BB00ECDF86 /* SceneDelegate.swift */,
				45544BC124AB06BB00ECDF86 /* ViewController.swift */,
				45544BC324AB06BB00ECDF86 /* Main.storyboard */,
				45544BC624AB06BF00ECDF86 /* Assets.xcassets */,
				45544BC824AB06BF00ECDF86 /* LaunchScreen.storyboard */,
				45544BCB24AB06BF00ECDF86 /* Info.plist */,
			);
			path = farm;
			sourceTree = "<group>";
		};
		459FABC824C7866D00613F0D /* ThirdParty */ = {
			isa = PBXGroup;
			children = (
				459FABCB24C7869D00613F0D /* TestScenario.framework */,
				459FABC924C7869D00613F0D /* TestScenarioUI.framework */,
				459FABCA24C7869D00613F0D /* TestScenarioUtils.framework */,
			);
			path = ThirdParty;
			sourceTree = "<group>";
		};
		459FABCF24C8033500613F0D /* UI */ = {
			isa = PBXGroup;
			children = (
				459FABD424C8068B00613F0D /* Helpers */,
				459FABD324C8067200613F0D /* Login */,
			);
			path = UI;
			sourceTree = "<group>";
		};
		459FABD324C8067200613F0D /* Login */ = {
			isa = PBXGroup;
			children = (
				459FABD024C8066300613F0D /* LoginViewController.swift */,
				459FABD724C807BC00613F0D /* Login.storyboard */,
			);
			path = Login;
			sourceTree = "<group>";
		};
		459FABD424C8068B00613F0D /* Helpers */ = {
			isa = PBXGroup;
			children = (
				459FABD524C806EB00613F0D /* NibInstantiatable.swift */,
			);
			path = Helpers;
			sourceTree = "<group>";
		};
		7B8FA95FB4F6127F3965BB78 /* Pods */ = {
			isa = PBXGroup;
			children = (
				E760F3CC69CCBD84D387650E /* Pods-farm.debug.xcconfig */,
				853527406ADAEB51FC4FEA98 /* Pods-farm.release.xcconfig */,
			);
			path = Pods;
			sourceTree = "<group>";
		};
		D03CD518BDE4F1B55FE838F6 /* Frameworks */ = {
			isa = PBXGroup;
			children = (
				F8E0FB7B2F64EC8FD05FFA7E /* Pods_farm.framework */,
			);
			name = Frameworks;
			sourceTree = "<group>";
		};
/* End PBXGroup section */

/* Begin PBXNativeTarget section */
		45544BB924AB06BB00ECDF86 /* farm */ = {
			isa = PBXNativeTarget;
			buildConfigurationList = 45544BCE24AB06BF00ECDF86 /* Build configuration list for PBXNativeTarget "farm" */;
			buildPhases = (
				F8ED33933766FB04FFA0B649 /* [CP] Check Pods Manifest.lock */,
				45544BB624AB06BB00ECDF86 /* Sources */,
				45544BB724AB06BB00ECDF86 /* Frameworks */,
				45544BB824AB06BB00ECDF86 /* Resources */,
				F5272380A83EC82B1D4641AF /* [CP] Embed Pods Frameworks */,
				459FABDD24C81E2000613F0D /* Embed Frameworks */,
			);
			buildRules = (
			);
			dependencies = (
			);
			name = farm;
			productName = farm;
			productReference = 45544BBA24AB06BB00ECDF86 /* farm.app */;
			productType = "com.apple.product-type.application";
		};
/* End PBXNativeTarget section */

/* Begin PBXProject section */
		45544BB224AB06BB00ECDF86 /* Project object */ = {
			isa = PBXProject;
			attributes = {
				LastSwiftUpdateCheck = 1150;
				LastUpgradeCheck = 1150;
				ORGANIZATIONNAME = SigmaSoftware;
				TargetAttributes = {
					45544BB924AB06BB00ECDF86 = {
						CreatedOnToolsVersion = 11.5;
					};
				};
			};
			buildConfigurationList = 45544BB524AB06BB00ECDF86 /* Build configuration list for PBXProject "farm" */;
			compatibilityVersion = "Xcode 9.3";
			developmentRegion = en;
			hasScannedForEncodings = 0;
			knownRegions = (
				en,
				Base,
			);
			mainGroup = 45544BB124AB06BB00ECDF86;
			productRefGroup = 45544BBB24AB06BB00ECDF86 /* Products */;
			projectDirPath = "";
			projectRoot = "";
			targets = (
				45544BB924AB06BB00ECDF86 /* farm */,
			);
		};
/* End PBXProject section */

/* Begin PBXResourcesBuildPhase section */
		45544BB824AB06BB00ECDF86 /* Resources */ = {
			isa = PBXResourcesBuildPhase;
			buildActionMask = 2147483647;
			files = (
				459FABD824C807BC00613F0D /* Login.storyboard in Resources */,
				45544BCA24AB06BF00ECDF86 /* LaunchScreen.storyboard in Resources */,
				45544BC724AB06BF00ECDF86 /* Assets.xcassets in Resources */,
				45544BC524AB06BB00ECDF86 /* Main.storyboard in Resources */,
			);
			runOnlyForDeploymentPostprocessing = 0;
		};
/* End PBXResourcesBuildPhase section */

/* Begin PBXShellScriptBuildPhase section */
		F5272380A83EC82B1D4641AF /* [CP] Embed Pods Frameworks */ = {
			isa = PBXShellScriptBuildPhase;
			buildActionMask = 2147483647;
			files = (
			);
			inputFileListPaths = (
				"${PODS_ROOT}/Target Support Files/Pods-farm/Pods-farm-frameworks-${CONFIGURATION}-input-files.xcfilelist",
			);
			name = "[CP] Embed Pods Frameworks";
			outputFileListPaths = (
				"${PODS_ROOT}/Target Support Files/Pods-farm/Pods-farm-frameworks-${CONFIGURATION}-output-files.xcfilelist",
			);
			runOnlyForDeploymentPostprocessing = 0;
			shellPath = /bin/sh;
			shellScript = "\"${PODS_ROOT}/Target Support Files/Pods-farm/Pods-farm-frameworks.sh\"\n";
			showEnvVarsInLog = 0;
		};
		F8ED33933766FB04FFA0B649 /* [CP] Check Pods Manifest.lock */ = {
			isa = PBXShellScriptBuildPhase;
			buildActionMask = 2147483647;
			files = (
			);
			inputFileListPaths = (
			);
			inputPaths = (
				"${PODS_PODFILE_DIR_PATH}/Podfile.lock",
				"${PODS_ROOT}/Manifest.lock",
			);
			name = "[CP] Check Pods Manifest.lock";
			outputFileListPaths = (
			);
			outputPaths = (
				"$(DERIVED_FILE_DIR)/Pods-farm-checkManifestLockResult.txt",
			);
			runOnlyForDeploymentPostprocessing = 0;
			shellPath = /bin/sh;
			shellScript = "diff \"${PODS_PODFILE_DIR_PATH}/Podfile.lock\" \"${PODS_ROOT}/Manifest.lock\" > /dev/null\nif [ $? != 0 ] ; then\n    # print error to STDERR\n    echo \"error: The sandbox is not in sync with the Podfile.lock. Run 'pod install' or update your CocoaPods installation.\" >&2\n    exit 1\nfi\n# This output is used by Xcode 'outputs' to avoid re-running this script phase.\necho \"SUCCESS\" > \"${SCRIPT_OUTPUT_FILE_0}\"\n";
			showEnvVarsInLog = 0;
		};
/* End PBXShellScriptBuildPhase section */

/* Begin PBXSourcesBuildPhase section */
		45544BB624AB06BB00ECDF86 /* Sources */ = {
			isa = PBXSourcesBuildPhase;
			buildActionMask = 2147483647;
			files = (
				459FABD124C8066300613F0D /* LoginViewController.swift in Sources */,
				45544BC224AB06BB00ECDF86 /* ViewController.swift in Sources */,
				459FABD624C806EB00613F0D /* NibInstantiatable.swift in Sources */,
				45544BBE24AB06BB00ECDF86 /* AppDelegate.swift in Sources */,
				45544BC024AB06BB00ECDF86 /* SceneDelegate.swift in Sources */,
			);
			runOnlyForDeploymentPostprocessing = 0;
		};
/* End PBXSourcesBuildPhase section */

/* Begin PBXVariantGroup section */
		45544BC324AB06BB00ECDF86 /* Main.storyboard */ = {
			isa = PBXVariantGroup;
			children = (
				45544BC424AB06BB00ECDF86 /* Base */,
			);
			name = Main.storyboard;
			sourceTree = "<group>";
		};
		45544BC824AB06BF00ECDF86 /* LaunchScreen.storyboard */ = {
			isa = PBXVariantGroup;
			children = (
				45544BC924AB06BF00ECDF86 /* Base */,
			);
			name = LaunchScreen.storyboard;
			sourceTree = "<group>";
		};
/* End PBXVariantGroup section */

/* Begin XCBuildConfiguration section */
		45544BCC24AB06BF00ECDF86 /* Debug */ = {
			isa = XCBuildConfiguration;
			buildSettings = {
				ALWAYS_SEARCH_USER_PATHS = NO;
				CLANG_ANALYZER_NONNULL = YES;
				CLANG_ANALYZER_NUMBER_OBJECT_CONVERSION = YES_AGGRESSIVE;
				CLANG_CXX_LANGUAGE_STANDARD = "gnu++14";
				CLANG_CXX_LIBRARY = "libc++";
				CLANG_ENABLE_MODULES = YES;
				CLANG_ENABLE_OBJC_ARC = YES;
				CLANG_ENABLE_OBJC_WEAK = YES;
				CLANG_WARN_BLOCK_CAPTURE_AUTORELEASING = YES;
				CLANG_WARN_BOOL_CONVERSION = YES;
				CLANG_WARN_COMMA = YES;
				CLANG_WARN_CONSTANT_CONVERSION = YES;
				CLANG_WARN_DEPRECATED_OBJC_IMPLEMENTATIONS = YES;
				CLANG_WARN_DIRECT_OBJC_ISA_USAGE = YES_ERROR;
				CLANG_WARN_DOCUMENTATION_COMMENTS = YES;
				CLANG_WARN_EMPTY_BODY = YES;
				CLANG_WARN_ENUM_CONVERSION = YES;
				CLANG_WARN_INFINITE_RECURSION = YES;
				CLANG_WARN_INT_CONVERSION = YES;
				CLANG_WARN_NON_LITERAL_NULL_CONVERSION = YES;
				CLANG_WARN_OBJC_IMPLICIT_RETAIN_SELF = YES;
				CLANG_WARN_OBJC_LITERAL_CONVERSION = YES;
				CLANG_WARN_OBJC_ROOT_CLASS = YES_ERROR;
				CLANG_WARN_RANGE_LOOP_ANALYSIS = YES;
				CLANG_WARN_STRICT_PROTOTYPES = YES;
				CLANG_WARN_SUSPICIOUS_MOVE = YES;
				CLANG_WARN_UNGUARDED_AVAILABILITY = YES_AGGRESSIVE;
				CLANG_WARN_UNREACHABLE_CODE = YES;
				CLANG_WARN__DUPLICATE_METHOD_MATCH = YES;
				COPY_PHASE_STRIP = NO;
				DEBUG_INFORMATION_FORMAT = dwarf;
				ENABLE_STRICT_OBJC_MSGSEND = YES;
				ENABLE_TESTABILITY = YES;
				GCC_C_LANGUAGE_STANDARD = gnu11;
				GCC_DYNAMIC_NO_PIC = NO;
				GCC_NO_COMMON_BLOCKS = YES;
				GCC_OPTIMIZATION_LEVEL = 0;
				GCC_PREPROCESSOR_DEFINITIONS = (
					"DEBUG=1",
					"$(inherited)",
				);
				GCC_WARN_64_TO_32_BIT_CONVERSION = YES;
				GCC_WARN_ABOUT_RETURN_TYPE = YES_ERROR;
				GCC_WARN_UNDECLARED_SELECTOR = YES;
				GCC_WARN_UNINITIALIZED_AUTOS = YES_AGGRESSIVE;
				GCC_WARN_UNUSED_FUNCTION = YES;
				GCC_WARN_UNUSED_VARIABLE = YES;
				IPHONEOS_DEPLOYMENT_TARGET = 13.5;
				MTL_ENABLE_DEBUG_INFO = INCLUDE_SOURCE;
				MTL_FAST_MATH = YES;
				ONLY_ACTIVE_ARCH = YES;
				SDKROOT = iphoneos;
				SWIFT_ACTIVE_COMPILATION_CONDITIONS = DEBUG;
				SWIFT_OPTIMIZATION_LEVEL = "-Onone";
			};
			name = Debug;
		};
		45544BCD24AB06BF00ECDF86 /* Release */ = {
			isa = XCBuildConfiguration;
			buildSettings = {
				ALWAYS_SEARCH_USER_PATHS = NO;
				CLANG_ANALYZER_NONNULL = YES;
				CLANG_ANALYZER_NUMBER_OBJECT_CONVERSION = YES_AGGRESSIVE;
				CLANG_CXX_LANGUAGE_STANDARD = "gnu++14";
				CLANG_CXX_LIBRARY = "libc++";
				CLANG_ENABLE_MODULES = YES;
				CLANG_ENABLE_OBJC_ARC = YES;
				CLANG_ENABLE_OBJC_WEAK = YES;
				CLANG_WARN_BLOCK_CAPTURE_AUTORELEASING = YES;
				CLANG_WARN_BOOL_CONVERSION = YES;
				CLANG_WARN_COMMA = YES;
				CLANG_WARN_CONSTANT_CONVERSION = YES;
				CLANG_WARN_DEPRECATED_OBJC_IMPLEMENTATIONS = YES;
				CLANG_WARN_DIRECT_OBJC_ISA_USAGE = YES_ERROR;
				CLANG_WARN_DOCUMENTATION_COMMENTS = YES;
				CLANG_WARN_EMPTY_BODY = YES;
				CLANG_WARN_ENUM_CONVERSION = YES;
				CLANG_WARN_INFINITE_RECURSION = YES;
				CLANG_WARN_INT_CONVERSION = YES;
				CLANG_WARN_NON_LITERAL_NULL_CONVERSION = YES;
				CLANG_WARN_OBJC_IMPLICIT_RETAIN_SELF = YES;
				CLANG_WARN_OBJC_LITERAL_CONVERSION = YES;
				CLANG_WARN_OBJC_ROOT_CLASS = YES_ERROR;
				CLANG_WARN_RANGE_LOOP_ANALYSIS = YES;
				CLANG_WARN_STRICT_PROTOTYPES = YES;
				CLANG_WARN_SUSPICIOUS_MOVE = YES;
				CLANG_WARN_UNGUARDED_AVAILABILITY = YES_AGGRESSIVE;
				CLANG_WARN_UNREACHABLE_CODE = YES;
				CLANG_WARN__DUPLICATE_METHOD_MATCH = YES;
				COPY_PHASE_STRIP = NO;
				DEBUG_INFORMATION_FORMAT = "dwarf-with-dsym";
				ENABLE_NS_ASSERTIONS = NO;
				ENABLE_STRICT_OBJC_MSGSEND = YES;
				GCC_C_LANGUAGE_STANDARD = gnu11;
				GCC_NO_COMMON_BLOCKS = YES;
				GCC_WARN_64_TO_32_BIT_CONVERSION = YES;
				GCC_WARN_ABOUT_RETURN_TYPE = YES_ERROR;
				GCC_WARN_UNDECLARED_SELECTOR = YES;
				GCC_WARN_UNINITIALIZED_AUTOS = YES_AGGRESSIVE;
				GCC_WARN_UNUSED_FUNCTION = YES;
				GCC_WARN_UNUSED_VARIABLE = YES;
				IPHONEOS_DEPLOYMENT_TARGET = 13.5;
				MTL_ENABLE_DEBUG_INFO = NO;
				MTL_FAST_MATH = YES;
				SDKROOT = iphoneos;
				SWIFT_COMPILATION_MODE = wholemodule;
				SWIFT_OPTIMIZATION_LEVEL = "-O";
				VALIDATE_PRODUCT = YES;
			};
			name = Release;
		};
		45544BCF24AB06BF00ECDF86 /* Debug */ = {
			isa = XCBuildConfiguration;
			baseConfigurationReference = E760F3CC69CCBD84D387650E /* Pods-farm.debug.xcconfig */;
			buildSettings = {
				ASSETCATALOG_COMPILER_APPICON_NAME = AppIcon;
				CODE_SIGN_STYLE = Automatic;
				DEVELOPMENT_TEAM = T6FZ8UX634;
				FRAMEWORK_SEARCH_PATHS = (
					"$(inherited)",
					"$(PROJECT_DIR)/ThirdParty",
				);
				INFOPLIST_FILE = farm/Info.plist;
				LD_RUNPATH_SEARCH_PATHS = (
					"$(inherited)",
					"@executable_path/Frameworks",
				);
				PRODUCT_BUNDLE_IDENTIFIER = com.sigma.farm.farm;
				PRODUCT_NAME = "$(TARGET_NAME)";
				SWIFT_VERSION = 5.0;
				TARGETED_DEVICE_FAMILY = "1,2";
			};
			name = Debug;
		};
		45544BD024AB06BF00ECDF86 /* Release */ = {
			isa = XCBuildConfiguration;
			baseConfigurationReference = 853527406ADAEB51FC4FEA98 /* Pods-farm.release.xcconfig */;
			buildSettings = {
				ASSETCATALOG_COMPILER_APPICON_NAME = AppIcon;
				CODE_SIGN_STYLE = Automatic;
				DEVELOPMENT_TEAM = T6FZ8UX634;
				FRAMEWORK_SEARCH_PATHS = (
					"$(inherited)",
					"$(PROJECT_DIR)/ThirdParty",
				);
				INFOPLIST_FILE = farm/Info.plist;
				LD_RUNPATH_SEARCH_PATHS = (
					"$(inherited)",
					"@executable_path/Frameworks",
				);
				PRODUCT_BUNDLE_IDENTIFIER = com.sigma.farm.farm;
				PRODUCT_NAME = "$(TARGET_NAME)";
				SWIFT_VERSION = 5.0;
				TARGETED_DEVICE_FAMILY = "1,2";
			};
			name = Release;
		};
/* End XCBuildConfiguration section */

/* Begin XCConfigurationList section */
		45544BB524AB06BB00ECDF86 /* Build configuration list for PBXProject "farm" */ = {
			isa = XCConfigurationList;
			buildConfigurations = (
				45544BCC24AB06BF00ECDF86 /* Debug */,
				45544BCD24AB06BF00ECDF86 /* Release */,
			);
			defaultConfigurationIsVisible = 0;
			defaultConfigurationName = Release;
		};
		45544BCE24AB06BF00ECDF86 /* Build configuration list for PBXNativeTarget "farm" */ = {
			isa = XCConfigurationList;
			buildConfigurations = (
				45544BCF24AB06BF00ECDF86 /* Debug */,
				45544BD024AB06BF00ECDF86 /* Release */,
			);
			defaultConfigurationIsVisible = 0;
			defaultConfigurationName = Release;
		};
/* End XCConfigurationList section */
	};
	rootObject = 45544BB224AB06BB00ECDF86 /* Project object */;
}
