// !$*UTF8*$!
{
	archiveVersion = 1;
	classes = {
	};
	objectVersion = 51;
	objects = {

/* Begin PBXBuildFile section */
		0135FEC2014F0BEF999AF9D2 /* Pods_farm.framework in Frameworks */ = {isa = PBXBuildFile; fileRef = F09D1F825211B54CE2AEFB5E /* Pods_farm.framework */; };
		227557214044115354431FF1 /* Pods_StorybookAppUITests.framework in Frameworks */ = {isa = PBXBuildFile; fileRef = 2A380952ED0DCB13F59DC0E8 /* Pods_StorybookAppUITests.framework */; };
		450D8A4E24C9769B004EAE80 /* AppDelegate.swift in Sources */ = {isa = PBXBuildFile; fileRef = 450D8A4D24C9769B004EAE80 /* AppDelegate.swift */; };
		450D8A5A24C9769B004EAE80 /* LaunchScreen.storyboard in Resources */ = {isa = PBXBuildFile; fileRef = 450D8A5824C9769B004EAE80 /* LaunchScreen.storyboard */; };
		450D8A6524C9769B004EAE80 /* StorybookAppUITests.swift in Sources */ = {isa = PBXBuildFile; fileRef = 450D8A6424C9769B004EAE80 /* StorybookAppUITests.swift */; };
		4522E07B24D15C1400ECFA1F /* ProductsList.storyboard in Resources */ = {isa = PBXBuildFile; fileRef = 4522E07A24D15C1400ECFA1F /* ProductsList.storyboard */; };
		4522E07D24D15C3100ECFA1F /* ProductsListViewController.swift in Sources */ = {isa = PBXBuildFile; fileRef = 4522E07C24D15C3100ECFA1F /* ProductsListViewController.swift */; };
		4522E07F24D15C4B00ECFA1F /* ProductsListScenario.swift in Sources */ = {isa = PBXBuildFile; fileRef = 4522E07E24D15C4B00ECFA1F /* ProductsListScenario.swift */; };
		4522E08024D16CDB00ECFA1F /* ProductsListScenario.swift in Sources */ = {isa = PBXBuildFile; fileRef = 4522E07E24D15C4B00ECFA1F /* ProductsListScenario.swift */; };
		4522E08124D16CDF00ECFA1F /* ProductsListViewController.swift in Sources */ = {isa = PBXBuildFile; fileRef = 4522E07C24D15C3100ECFA1F /* ProductsListViewController.swift */; };
		4522E08224D16CDF00ECFA1F /* ProductsListViewController.swift in Sources */ = {isa = PBXBuildFile; fileRef = 4522E07C24D15C3100ECFA1F /* ProductsListViewController.swift */; };
		4522E08324D16CE300ECFA1F /* ProductsList.storyboard in Resources */ = {isa = PBXBuildFile; fileRef = 4522E07A24D15C1400ECFA1F /* ProductsList.storyboard */; };
		4522E08524D1F7A500ECFA1F /* ProductsListCell.swift in Sources */ = {isa = PBXBuildFile; fileRef = 4522E08424D1F7A500ECFA1F /* ProductsListCell.swift */; };
		4522E08624D1F9A200ECFA1F /* ProductsListCell.swift in Sources */ = {isa = PBXBuildFile; fileRef = 4522E08424D1F7A500ECFA1F /* ProductsListCell.swift */; };
		4522E08824D1F9BD00ECFA1F /* ProductsListCell.swift in Sources */ = {isa = PBXBuildFile; fileRef = 4522E08424D1F7A500ECFA1F /* ProductsListCell.swift */; };
		4536D56024D88DE3001905ED /* Checkout.storyboard in Resources */ = {isa = PBXBuildFile; fileRef = 4536D55F24D88DE3001905ED /* Checkout.storyboard */; };
		4536D56224D88DF4001905ED /* CheckoutViewController.swift in Sources */ = {isa = PBXBuildFile; fileRef = 4536D56124D88DF4001905ED /* CheckoutViewController.swift */; };
		4536D56324D8903A001905ED /* Checkout.storyboard in Resources */ = {isa = PBXBuildFile; fileRef = 4536D55F24D88DE3001905ED /* Checkout.storyboard */; };
		4536D56424D89047001905ED /* CheckoutViewController.swift in Sources */ = {isa = PBXBuildFile; fileRef = 4536D56124D88DF4001905ED /* CheckoutViewController.swift */; };
		4536D56624D89076001905ED /* CheckoutScenatrio.swift in Sources */ = {isa = PBXBuildFile; fileRef = 4536D56524D89076001905ED /* CheckoutScenatrio.swift */; };
		4536D56724D890CF001905ED /* CheckoutScenatrio.swift in Sources */ = {isa = PBXBuildFile; fileRef = 4536D56524D89076001905ED /* CheckoutScenatrio.swift */; };
		4536D56D24D9EEDC001905ED /* ContentSizedTableView.swift in Sources */ = {isa = PBXBuildFile; fileRef = 4536D56C24D9EEDC001905ED /* ContentSizedTableView.swift */; };
		4536D56E24D9FD8E001905ED /* ContentSizedTableView.swift in Sources */ = {isa = PBXBuildFile; fileRef = 4536D56C24D9EEDC001905ED /* ContentSizedTableView.swift */; };
		45544BBE24AB06BB00ECDF86 /* AppDelegate.swift in Sources */ = {isa = PBXBuildFile; fileRef = 45544BBD24AB06BB00ECDF86 /* AppDelegate.swift */; };
		45544BC024AB06BB00ECDF86 /* SceneDelegate.swift in Sources */ = {isa = PBXBuildFile; fileRef = 45544BBF24AB06BB00ECDF86 /* SceneDelegate.swift */; };
		45544BC224AB06BB00ECDF86 /* ViewController.swift in Sources */ = {isa = PBXBuildFile; fileRef = 45544BC124AB06BB00ECDF86 /* ViewController.swift */; };
		45544BC724AB06BF00ECDF86 /* Assets.xcassets in Resources */ = {isa = PBXBuildFile; fileRef = 45544BC624AB06BF00ECDF86 /* Assets.xcassets */; };
		45544BCA24AB06BF00ECDF86 /* LaunchScreen.storyboard in Resources */ = {isa = PBXBuildFile; fileRef = 45544BC824AB06BF00ECDF86 /* LaunchScreen.storyboard */; };
		4561164924D6A3B1007C169E /* BasketViewController.swift in Sources */ = {isa = PBXBuildFile; fileRef = 4561164824D6A3B1007C169E /* BasketViewController.swift */; };
		4561164B24D6A4B9007C169E /* BasketTableViewCell.swift in Sources */ = {isa = PBXBuildFile; fileRef = 4561164A24D6A4B9007C169E /* BasketTableViewCell.swift */; };
		4561164D24D6AB4B007C169E /* BasketScenario.swift in Sources */ = {isa = PBXBuildFile; fileRef = 4561164C24D6AB4B007C169E /* BasketScenario.swift */; };
		4561164E24D6ABB4007C169E /* BasketViewController.swift in Sources */ = {isa = PBXBuildFile; fileRef = 4561164824D6A3B1007C169E /* BasketViewController.swift */; };
		4561164F24D6ABB8007C169E /* BasketTableViewCell.swift in Sources */ = {isa = PBXBuildFile; fileRef = 4561164A24D6A4B9007C169E /* BasketTableViewCell.swift */; };
		4561165024D6AE23007C169E /* Basket.storyboard in Resources */ = {isa = PBXBuildFile; fileRef = 4567FD7D24D6876200F5621A /* Basket.storyboard */; };
		4567FD6024D5A4D000F5621A /* AddressesList.storyboard in Resources */ = {isa = PBXBuildFile; fileRef = 4567FD5F24D5A4D000F5621A /* AddressesList.storyboard */; };
		4567FD6124D5A4D000F5621A /* AddressesList.storyboard in Resources */ = {isa = PBXBuildFile; fileRef = 4567FD5F24D5A4D000F5621A /* AddressesList.storyboard */; };
		4567FD6324D5A4EB00F5621A /* AddressesListViewController.swift in Sources */ = {isa = PBXBuildFile; fileRef = 4567FD6224D5A4EB00F5621A /* AddressesListViewController.swift */; };
		4567FD6424D5A4EB00F5621A /* AddressesListViewController.swift in Sources */ = {isa = PBXBuildFile; fileRef = 4567FD6224D5A4EB00F5621A /* AddressesListViewController.swift */; };
		4567FD6624D5A92600F5621A /* AddressListTableViewCell.swift in Sources */ = {isa = PBXBuildFile; fileRef = 4567FD6524D5A92600F5621A /* AddressListTableViewCell.swift */; };
		4567FD6724D5A92600F5621A /* AddressListTableViewCell.swift in Sources */ = {isa = PBXBuildFile; fileRef = 4567FD6524D5A92600F5621A /* AddressListTableViewCell.swift */; };
		4567FD6924D5A96900F5621A /* AddressesListScenario.swift in Sources */ = {isa = PBXBuildFile; fileRef = 4567FD6824D5A96900F5621A /* AddressesListScenario.swift */; };
		4567FD6A24D5A96900F5621A /* AddressesListScenario.swift in Sources */ = {isa = PBXBuildFile; fileRef = 4567FD6824D5A96900F5621A /* AddressesListScenario.swift */; };
		4567FD6B24D5B20100F5621A /* AddressesListScenario.swift in Sources */ = {isa = PBXBuildFile; fileRef = 4567FD6824D5A96900F5621A /* AddressesListScenario.swift */; };
		4567FD6C24D5B20B00F5621A /* AddressesListViewController.swift in Sources */ = {isa = PBXBuildFile; fileRef = 4567FD6224D5A4EB00F5621A /* AddressesListViewController.swift */; };
		4567FD6D24D5B20E00F5621A /* AddressListTableViewCell.swift in Sources */ = {isa = PBXBuildFile; fileRef = 4567FD6524D5A92600F5621A /* AddressListTableViewCell.swift */; };
		4567FD7024D5F9CB00F5621A /* Profile.storyboard in Resources */ = {isa = PBXBuildFile; fileRef = 4567FD6F24D5F9CB00F5621A /* Profile.storyboard */; };
		4567FD7124D5F9CB00F5621A /* Profile.storyboard in Resources */ = {isa = PBXBuildFile; fileRef = 4567FD6F24D5F9CB00F5621A /* Profile.storyboard */; };
		4567FD7324D5FF0C00F5621A /* ProfileViewController.swift in Sources */ = {isa = PBXBuildFile; fileRef = 4567FD7224D5FF0C00F5621A /* ProfileViewController.swift */; };
		4567FD7424D5FF0C00F5621A /* ProfileViewController.swift in Sources */ = {isa = PBXBuildFile; fileRef = 4567FD7224D5FF0C00F5621A /* ProfileViewController.swift */; };
		4567FD7624D601C800F5621A /* ProfileScenario.swift in Sources */ = {isa = PBXBuildFile; fileRef = 4567FD7524D601C800F5621A /* ProfileScenario.swift */; };
		4567FD7724D601C800F5621A /* ProfileScenario.swift in Sources */ = {isa = PBXBuildFile; fileRef = 4567FD7524D601C800F5621A /* ProfileScenario.swift */; };
		4567FD7A24D602FF00F5621A /* RoundedBlueButton.swift in Sources */ = {isa = PBXBuildFile; fileRef = 4567FD7924D602FF00F5621A /* RoundedBlueButton.swift */; };
		4567FD7B24D602FF00F5621A /* RoundedBlueButton.swift in Sources */ = {isa = PBXBuildFile; fileRef = 4567FD7924D602FF00F5621A /* RoundedBlueButton.swift */; };
		4567FD7E24D6876200F5621A /* Basket.storyboard in Resources */ = {isa = PBXBuildFile; fileRef = 4567FD7D24D6876200F5621A /* Basket.storyboard */; };
		459FABD124C8066300613F0D /* LoginViewController.swift in Sources */ = {isa = PBXBuildFile; fileRef = 459FABD024C8066300613F0D /* LoginViewController.swift */; };
		459FABD624C806EB00613F0D /* NibInstantiatable.swift in Sources */ = {isa = PBXBuildFile; fileRef = 459FABD524C806EB00613F0D /* NibInstantiatable.swift */; };
		459FABD824C807BC00613F0D /* Login.storyboard in Resources */ = {isa = PBXBuildFile; fileRef = 459FABD724C807BC00613F0D /* Login.storyboard */; };
		45C0316B24CC3449000F32D0 /* Assets.xcassets in Resources */ = {isa = PBXBuildFile; fileRef = 45544BC624AB06BF00ECDF86 /* Assets.xcassets */; };
		45C0316C24CCA0B2000F32D0 /* LoginScenario.swift in Sources */ = {isa = PBXBuildFile; fileRef = 45C2041C24CC07B700CF45D1 /* LoginScenario.swift */; };
		45C0316D24CCA79C000F32D0 /* LoginViewController.swift in Sources */ = {isa = PBXBuildFile; fileRef = 459FABD024C8066300613F0D /* LoginViewController.swift */; };
		45C0316E24CCA8A9000F32D0 /* NibInstantiatable.swift in Sources */ = {isa = PBXBuildFile; fileRef = 459FABD524C806EB00613F0D /* NibInstantiatable.swift */; };
		45C0316F24CCB2C8000F32D0 /* TestScenario.framework in Frameworks */ = {isa = PBXBuildFile; fileRef = 459FABCB24C7869D00613F0D /* TestScenario.framework */; };
		45C0317B24CDE666000F32D0 /* AddAddressViewController.swift in Sources */ = {isa = PBXBuildFile; fileRef = 45C0317924CDE666000F32D0 /* AddAddressViewController.swift */; };
		45C0317C24CDE666000F32D0 /* AddAddress.storyboard in Resources */ = {isa = PBXBuildFile; fileRef = 45C0317A24CDE666000F32D0 /* AddAddress.storyboard */; };
		45C0317E24CDE8BA000F32D0 /* AddAddressScenario.swift in Sources */ = {isa = PBXBuildFile; fileRef = 45C0317D24CDE8BA000F32D0 /* AddAddressScenario.swift */; };
		45C0317F24CDED6D000F32D0 /* AddAddressViewController.swift in Sources */ = {isa = PBXBuildFile; fileRef = 45C0317924CDE666000F32D0 /* AddAddressViewController.swift */; };
		45C0318024CDED6F000F32D0 /* AddAddressViewController.swift in Sources */ = {isa = PBXBuildFile; fileRef = 45C0317924CDE666000F32D0 /* AddAddressViewController.swift */; };
		45C0318124CDED75000F32D0 /* AddAddressScenario.swift in Sources */ = {isa = PBXBuildFile; fileRef = 45C0317D24CDE8BA000F32D0 /* AddAddressScenario.swift */; };
		45C0318224CDF4A7000F32D0 /* AddAddress.storyboard in Resources */ = {isa = PBXBuildFile; fileRef = 45C0317A24CDE666000F32D0 /* AddAddress.storyboard */; };
		45C2041624CC00C000CF45D1 /* TestScenario.framework in Frameworks */ = {isa = PBXBuildFile; fileRef = 459FABCB24C7869D00613F0D /* TestScenario.framework */; };
		45C2041724CC00C000CF45D1 /* TestScenario.framework in Embed Frameworks */ = {isa = PBXBuildFile; fileRef = 459FABCB24C7869D00613F0D /* TestScenario.framework */; settings = {ATTRIBUTES = (CodeSignOnCopy, RemoveHeadersOnCopy, ); }; };
		45C2041924CC00C300CF45D1 /* TestScenarioUI.framework in Frameworks */ = {isa = PBXBuildFile; fileRef = 459FABC924C7869D00613F0D /* TestScenarioUI.framework */; };
		45C2041A24CC00C300CF45D1 /* TestScenarioUI.framework in Embed Frameworks */ = {isa = PBXBuildFile; fileRef = 459FABC924C7869D00613F0D /* TestScenarioUI.framework */; settings = {ATTRIBUTES = (CodeSignOnCopy, RemoveHeadersOnCopy, ); }; };
		45C2041B24CC018500CF45D1 /* TestScenarioUtils.framework in Frameworks */ = {isa = PBXBuildFile; fileRef = 459FABCA24C7869D00613F0D /* TestScenarioUtils.framework */; };
		45C2041D24CC07B700CF45D1 /* LoginScenario.swift in Sources */ = {isa = PBXBuildFile; fileRef = 45C2041C24CC07B700CF45D1 /* LoginScenario.swift */; };
		45C2041E24CC093600CF45D1 /* LoginViewController.swift in Sources */ = {isa = PBXBuildFile; fileRef = 459FABD024C8066300613F0D /* LoginViewController.swift */; };
		45C2041F24CC0A1600CF45D1 /* NibInstantiatable.swift in Sources */ = {isa = PBXBuildFile; fileRef = 459FABD524C806EB00613F0D /* NibInstantiatable.swift */; };
		45C2042024CC0A3C00CF45D1 /* Login.storyboard in Resources */ = {isa = PBXBuildFile; fileRef = 459FABD724C807BC00613F0D /* Login.storyboard */; };
		F39434B6BF1E050E17A64983 /* Pods_StorybookApp.framework in Frameworks */ = {isa = PBXBuildFile; fileRef = 620395F4D433661D05C83696 /* Pods_StorybookApp.framework */; };
/* End PBXBuildFile section */

/* Begin PBXContainerItemProxy section */
		450D8A6124C9769B004EAE80 /* PBXContainerItemProxy */ = {
			isa = PBXContainerItemProxy;
			containerPortal = 45544BB224AB06BB00ECDF86 /* Project object */;
			proxyType = 1;
			remoteGlobalIDString = 450D8A4A24C9769B004EAE80;
			remoteInfo = StorybookApp;
		};
/* End PBXContainerItemProxy section */

/* Begin PBXCopyFilesBuildPhase section */
		45C2041824CC00C000CF45D1 /* Embed Frameworks */ = {
			isa = PBXCopyFilesBuildPhase;
			buildActionMask = 2147483647;
			dstPath = "";
			dstSubfolderSpec = 10;
			files = (
				45C2041A24CC00C300CF45D1 /* TestScenarioUI.framework in Embed Frameworks */,
				45C2041724CC00C000CF45D1 /* TestScenario.framework in Embed Frameworks */,
			);
			name = "Embed Frameworks";
			runOnlyForDeploymentPostprocessing = 0;
		};
/* End PBXCopyFilesBuildPhase section */

/* Begin PBXFileReference section */
		11779560AADD4480A215F304 /* Pods-StorybookApp.release.xcconfig */ = {isa = PBXFileReference; includeInIndex = 1; lastKnownFileType = text.xcconfig; name = "Pods-StorybookApp.release.xcconfig"; path = "Target Support Files/Pods-StorybookApp/Pods-StorybookApp.release.xcconfig"; sourceTree = "<group>"; };
		2A380952ED0DCB13F59DC0E8 /* Pods_StorybookAppUITests.framework */ = {isa = PBXFileReference; explicitFileType = wrapper.framework; includeInIndex = 0; path = Pods_StorybookAppUITests.framework; sourceTree = BUILT_PRODUCTS_DIR; };
		450D8A4B24C9769B004EAE80 /* Farm Storybook.app */ = {isa = PBXFileReference; explicitFileType = wrapper.application; includeInIndex = 0; path = "Farm Storybook.app"; sourceTree = BUILT_PRODUCTS_DIR; };
		450D8A4D24C9769B004EAE80 /* AppDelegate.swift */ = {isa = PBXFileReference; lastKnownFileType = sourcecode.swift; path = AppDelegate.swift; sourceTree = "<group>"; };
		450D8A5924C9769B004EAE80 /* Base */ = {isa = PBXFileReference; lastKnownFileType = file.storyboard; name = Base; path = Base.lproj/LaunchScreen.storyboard; sourceTree = "<group>"; };
		450D8A5B24C9769B004EAE80 /* Info.plist */ = {isa = PBXFileReference; lastKnownFileType = text.plist.xml; path = Info.plist; sourceTree = "<group>"; };
		450D8A6024C9769B004EAE80 /* StorybookAppUITests.xctest */ = {isa = PBXFileReference; explicitFileType = wrapper.cfbundle; includeInIndex = 0; path = StorybookAppUITests.xctest; sourceTree = BUILT_PRODUCTS_DIR; };
		450D8A6424C9769B004EAE80 /* StorybookAppUITests.swift */ = {isa = PBXFileReference; lastKnownFileType = sourcecode.swift; path = StorybookAppUITests.swift; sourceTree = "<group>"; };
		450D8A6624C9769B004EAE80 /* Info.plist */ = {isa = PBXFileReference; lastKnownFileType = text.plist.xml; path = Info.plist; sourceTree = "<group>"; };
		4522E07A24D15C1400ECFA1F /* ProductsList.storyboard */ = {isa = PBXFileReference; lastKnownFileType = file.storyboard; path = ProductsList.storyboard; sourceTree = "<group>"; };
		4522E07C24D15C3100ECFA1F /* ProductsListViewController.swift */ = {isa = PBXFileReference; lastKnownFileType = sourcecode.swift; path = ProductsListViewController.swift; sourceTree = "<group>"; };
		4522E07E24D15C4B00ECFA1F /* ProductsListScenario.swift */ = {isa = PBXFileReference; lastKnownFileType = sourcecode.swift; path = ProductsListScenario.swift; sourceTree = "<group>"; };
		4522E08424D1F7A500ECFA1F /* ProductsListCell.swift */ = {isa = PBXFileReference; lastKnownFileType = sourcecode.swift; path = ProductsListCell.swift; sourceTree = "<group>"; };
		4536D55F24D88DE3001905ED /* Checkout.storyboard */ = {isa = PBXFileReference; lastKnownFileType = file.storyboard; path = Checkout.storyboard; sourceTree = "<group>"; };
		4536D56124D88DF4001905ED /* CheckoutViewController.swift */ = {isa = PBXFileReference; lastKnownFileType = sourcecode.swift; path = CheckoutViewController.swift; sourceTree = "<group>"; };
		4536D56524D89076001905ED /* CheckoutScenatrio.swift */ = {isa = PBXFileReference; lastKnownFileType = sourcecode.swift; path = CheckoutScenatrio.swift; sourceTree = "<group>"; };
		4536D56C24D9EEDC001905ED /* ContentSizedTableView.swift */ = {isa = PBXFileReference; fileEncoding = 4; lastKnownFileType = sourcecode.swift; path = ContentSizedTableView.swift; sourceTree = "<group>"; };
		45544BBA24AB06BB00ECDF86 /* farm.app */ = {isa = PBXFileReference; explicitFileType = wrapper.application; includeInIndex = 0; path = farm.app; sourceTree = BUILT_PRODUCTS_DIR; };
		45544BBD24AB06BB00ECDF86 /* AppDelegate.swift */ = {isa = PBXFileReference; lastKnownFileType = sourcecode.swift; path = AppDelegate.swift; sourceTree = "<group>"; };
		45544BBF24AB06BB00ECDF86 /* SceneDelegate.swift */ = {isa = PBXFileReference; lastKnownFileType = sourcecode.swift; path = SceneDelegate.swift; sourceTree = "<group>"; };
		45544BC124AB06BB00ECDF86 /* ViewController.swift */ = {isa = PBXFileReference; lastKnownFileType = sourcecode.swift; path = ViewController.swift; sourceTree = "<group>"; };
		45544BC624AB06BF00ECDF86 /* Assets.xcassets */ = {isa = PBXFileReference; lastKnownFileType = folder.assetcatalog; path = Assets.xcassets; sourceTree = "<group>"; };
		45544BC924AB06BF00ECDF86 /* Base */ = {isa = PBXFileReference; lastKnownFileType = file.storyboard; name = Base; path = Base.lproj/LaunchScreen.storyboard; sourceTree = "<group>"; };
		45544BCB24AB06BF00ECDF86 /* Info.plist */ = {isa = PBXFileReference; lastKnownFileType = text.plist.xml; path = Info.plist; sourceTree = "<group>"; };
		4561164824D6A3B1007C169E /* BasketViewController.swift */ = {isa = PBXFileReference; lastKnownFileType = sourcecode.swift; path = BasketViewController.swift; sourceTree = "<group>"; };
		4561164A24D6A4B9007C169E /* BasketTableViewCell.swift */ = {isa = PBXFileReference; lastKnownFileType = sourcecode.swift; path = BasketTableViewCell.swift; sourceTree = "<group>"; };
		4561164C24D6AB4B007C169E /* BasketScenario.swift */ = {isa = PBXFileReference; lastKnownFileType = sourcecode.swift; path = BasketScenario.swift; sourceTree = "<group>"; };
		4567FD5F24D5A4D000F5621A /* AddressesList.storyboard */ = {isa = PBXFileReference; lastKnownFileType = file.storyboard; path = AddressesList.storyboard; sourceTree = "<group>"; };
		4567FD6224D5A4EB00F5621A /* AddressesListViewController.swift */ = {isa = PBXFileReference; lastKnownFileType = sourcecode.swift; path = AddressesListViewController.swift; sourceTree = "<group>"; };
		4567FD6524D5A92600F5621A /* AddressListTableViewCell.swift */ = {isa = PBXFileReference; lastKnownFileType = sourcecode.swift; path = AddressListTableViewCell.swift; sourceTree = "<group>"; };
		4567FD6824D5A96900F5621A /* AddressesListScenario.swift */ = {isa = PBXFileReference; lastKnownFileType = sourcecode.swift; path = AddressesListScenario.swift; sourceTree = "<group>"; };
		4567FD6F24D5F9CB00F5621A /* Profile.storyboard */ = {isa = PBXFileReference; lastKnownFileType = file.storyboard; path = Profile.storyboard; sourceTree = "<group>"; };
		4567FD7224D5FF0C00F5621A /* ProfileViewController.swift */ = {isa = PBXFileReference; lastKnownFileType = sourcecode.swift; path = ProfileViewController.swift; sourceTree = "<group>"; };
		4567FD7524D601C800F5621A /* ProfileScenario.swift */ = {isa = PBXFileReference; lastKnownFileType = sourcecode.swift; path = ProfileScenario.swift; sourceTree = "<group>"; };
		4567FD7924D602FF00F5621A /* RoundedBlueButton.swift */ = {isa = PBXFileReference; lastKnownFileType = sourcecode.swift; path = RoundedBlueButton.swift; sourceTree = "<group>"; };
		4567FD7D24D6876200F5621A /* Basket.storyboard */ = {isa = PBXFileReference; lastKnownFileType = file.storyboard; path = Basket.storyboard; sourceTree = "<group>"; };
		459FABC924C7869D00613F0D /* TestScenarioUI.framework */ = {isa = PBXFileReference; lastKnownFileType = wrapper.framework; path = TestScenarioUI.framework; sourceTree = "<group>"; };
		459FABCA24C7869D00613F0D /* TestScenarioUtils.framework */ = {isa = PBXFileReference; lastKnownFileType = wrapper.framework; path = TestScenarioUtils.framework; sourceTree = "<group>"; };
		459FABCB24C7869D00613F0D /* TestScenario.framework */ = {isa = PBXFileReference; lastKnownFileType = wrapper.framework; path = TestScenario.framework; sourceTree = "<group>"; };
		459FABD024C8066300613F0D /* LoginViewController.swift */ = {isa = PBXFileReference; lastKnownFileType = sourcecode.swift; path = LoginViewController.swift; sourceTree = "<group>"; };
		459FABD524C806EB00613F0D /* NibInstantiatable.swift */ = {isa = PBXFileReference; fileEncoding = 4; lastKnownFileType = sourcecode.swift; path = NibInstantiatable.swift; sourceTree = "<group>"; };
		459FABD724C807BC00613F0D /* Login.storyboard */ = {isa = PBXFileReference; lastKnownFileType = file.storyboard; path = Login.storyboard; sourceTree = "<group>"; };
		45C0317924CDE666000F32D0 /* AddAddressViewController.swift */ = {isa = PBXFileReference; fileEncoding = 4; lastKnownFileType = sourcecode.swift; path = AddAddressViewController.swift; sourceTree = "<group>"; };
		45C0317A24CDE666000F32D0 /* AddAddress.storyboard */ = {isa = PBXFileReference; fileEncoding = 4; lastKnownFileType = file.storyboard; path = AddAddress.storyboard; sourceTree = "<group>"; };
		45C0317D24CDE8BA000F32D0 /* AddAddressScenario.swift */ = {isa = PBXFileReference; lastKnownFileType = sourcecode.swift; path = AddAddressScenario.swift; sourceTree = "<group>"; };
		45C2041C24CC07B700CF45D1 /* LoginScenario.swift */ = {isa = PBXFileReference; lastKnownFileType = sourcecode.swift; path = LoginScenario.swift; sourceTree = "<group>"; };
		620395F4D433661D05C83696 /* Pods_StorybookApp.framework */ = {isa = PBXFileReference; explicitFileType = wrapper.framework; includeInIndex = 0; path = Pods_StorybookApp.framework; sourceTree = BUILT_PRODUCTS_DIR; };
		6CA9BE7ABAE96BE8B79F48EB /* Pods-StorybookApp.debug.xcconfig */ = {isa = PBXFileReference; includeInIndex = 1; lastKnownFileType = text.xcconfig; name = "Pods-StorybookApp.debug.xcconfig"; path = "Target Support Files/Pods-StorybookApp/Pods-StorybookApp.debug.xcconfig"; sourceTree = "<group>"; };
		6D92ED40116491A656401E7F /* Pods-StorybookAppUITests.debug.xcconfig */ = {isa = PBXFileReference; includeInIndex = 1; lastKnownFileType = text.xcconfig; name = "Pods-StorybookAppUITests.debug.xcconfig"; path = "Target Support Files/Pods-StorybookAppUITests/Pods-StorybookAppUITests.debug.xcconfig"; sourceTree = "<group>"; };
		853527406ADAEB51FC4FEA98 /* Pods-farm.release.xcconfig */ = {isa = PBXFileReference; includeInIndex = 1; lastKnownFileType = text.xcconfig; name = "Pods-farm.release.xcconfig"; path = "Target Support Files/Pods-farm/Pods-farm.release.xcconfig"; sourceTree = "<group>"; };
		E333BE1A10F9BE9812DE83E6 /* Pods-StorybookAppUITests.release.xcconfig */ = {isa = PBXFileReference; includeInIndex = 1; lastKnownFileType = text.xcconfig; name = "Pods-StorybookAppUITests.release.xcconfig"; path = "Target Support Files/Pods-StorybookAppUITests/Pods-StorybookAppUITests.release.xcconfig"; sourceTree = "<group>"; };
		E760F3CC69CCBD84D387650E /* Pods-farm.debug.xcconfig */ = {isa = PBXFileReference; includeInIndex = 1; lastKnownFileType = text.xcconfig; name = "Pods-farm.debug.xcconfig"; path = "Target Support Files/Pods-farm/Pods-farm.debug.xcconfig"; sourceTree = "<group>"; };
		F09D1F825211B54CE2AEFB5E /* Pods_farm.framework */ = {isa = PBXFileReference; explicitFileType = wrapper.framework; includeInIndex = 0; path = Pods_farm.framework; sourceTree = BUILT_PRODUCTS_DIR; };
/* End PBXFileReference section */

/* Begin PBXFrameworksBuildPhase section */
		450D8A4824C9769B004EAE80 /* Frameworks */ = {
			isa = PBXFrameworksBuildPhase;
			buildActionMask = 2147483647;
			files = (
				45C2041924CC00C300CF45D1 /* TestScenarioUI.framework in Frameworks */,
				45C2041624CC00C000CF45D1 /* TestScenario.framework in Frameworks */,
				F39434B6BF1E050E17A64983 /* Pods_StorybookApp.framework in Frameworks */,
			);
			runOnlyForDeploymentPostprocessing = 0;
		};
		450D8A5D24C9769B004EAE80 /* Frameworks */ = {
			isa = PBXFrameworksBuildPhase;
			buildActionMask = 2147483647;
			files = (
				45C2041B24CC018500CF45D1 /* TestScenarioUtils.framework in Frameworks */,
				45C0316F24CCB2C8000F32D0 /* TestScenario.framework in Frameworks */,
				227557214044115354431FF1 /* Pods_StorybookAppUITests.framework in Frameworks */,
			);
			runOnlyForDeploymentPostprocessing = 0;
		};
		45544BB724AB06BB00ECDF86 /* Frameworks */ = {
			isa = PBXFrameworksBuildPhase;
			buildActionMask = 2147483647;
			files = (
				0135FEC2014F0BEF999AF9D2 /* Pods_farm.framework in Frameworks */,
			);
			runOnlyForDeploymentPostprocessing = 0;
		};
/* End PBXFrameworksBuildPhase section */

/* Begin PBXGroup section */
		450D8A4C24C9769B004EAE80 /* StorybookApp */ = {
			isa = PBXGroup;
			children = (
				450D8A4D24C9769B004EAE80 /* AppDelegate.swift */,
				450D8A5824C9769B004EAE80 /* LaunchScreen.storyboard */,
				450D8A5B24C9769B004EAE80 /* Info.plist */,
				45C2041C24CC07B700CF45D1 /* LoginScenario.swift */,
				45C0317D24CDE8BA000F32D0 /* AddAddressScenario.swift */,
				4567FD6824D5A96900F5621A /* AddressesListScenario.swift */,
				4522E07E24D15C4B00ECFA1F /* ProductsListScenario.swift */,
				4567FD7524D601C800F5621A /* ProfileScenario.swift */,
				4561164C24D6AB4B007C169E /* BasketScenario.swift */,
				4536D56524D89076001905ED /* CheckoutScenatrio.swift */,
			);
			path = StorybookApp;
			sourceTree = "<group>";
		};
		450D8A6324C9769B004EAE80 /* StorybookAppUITests */ = {
			isa = PBXGroup;
			children = (
				450D8A6424C9769B004EAE80 /* StorybookAppUITests.swift */,
				450D8A6624C9769B004EAE80 /* Info.plist */,
			);
			path = StorybookAppUITests;
			sourceTree = "<group>";
		};
		4522E07924D15A3000ECFA1F /* Products List */ = {
			isa = PBXGroup;
			children = (
				4522E07A24D15C1400ECFA1F /* ProductsList.storyboard */,
				4522E07C24D15C3100ECFA1F /* ProductsListViewController.swift */,
				4522E08424D1F7A500ECFA1F /* ProductsListCell.swift */,
			);
			path = "Products List";
			sourceTree = "<group>";
		};
		4536D55E24D88DC7001905ED /* Checkout */ = {
			isa = PBXGroup;
			children = (
				4536D56124D88DF4001905ED /* CheckoutViewController.swift */,
				4536D55F24D88DE3001905ED /* Checkout.storyboard */,
			);
			path = Checkout;
			sourceTree = "<group>";
		};
		45544BB124AB06BB00ECDF86 = {
			isa = PBXGroup;
			children = (
				45544BBC24AB06BB00ECDF86 /* farm */,
				450D8A4C24C9769B004EAE80 /* StorybookApp */,
				450D8A6324C9769B004EAE80 /* StorybookAppUITests */,
				45544BBB24AB06BB00ECDF86 /* Products */,
				459FABC824C7866D00613F0D /* ThirdParty */,
				7B8FA95FB4F6127F3965BB78 /* Pods */,
				D03CD518BDE4F1B55FE838F6 /* Frameworks */,
			);
			sourceTree = "<group>";
		};
		45544BBB24AB06BB00ECDF86 /* Products */ = {
			isa = PBXGroup;
			children = (
				45544BBA24AB06BB00ECDF86 /* farm.app */,
				450D8A4B24C9769B004EAE80 /* Farm Storybook.app */,
				450D8A6024C9769B004EAE80 /* StorybookAppUITests.xctest */,
			);
			name = Products;
			sourceTree = "<group>";
		};
		45544BBC24AB06BB00ECDF86 /* farm */ = {
			isa = PBXGroup;
			children = (
				459FABCF24C8033500613F0D /* UI */,
				45544BBD24AB06BB00ECDF86 /* AppDelegate.swift */,
				45544BBF24AB06BB00ECDF86 /* SceneDelegate.swift */,
				45544BC124AB06BB00ECDF86 /* ViewController.swift */,
				45544BC624AB06BF00ECDF86 /* Assets.xcassets */,
				45544BC824AB06BF00ECDF86 /* LaunchScreen.storyboard */,
				45544BCB24AB06BF00ECDF86 /* Info.plist */,
			);
			path = farm;
			sourceTree = "<group>";
		};
		4567FD5E24D5A4B000F5621A /* Addresses List */ = {
			isa = PBXGroup;
			children = (
				4567FD5F24D5A4D000F5621A /* AddressesList.storyboard */,
				4567FD6224D5A4EB00F5621A /* AddressesListViewController.swift */,
				4567FD6524D5A92600F5621A /* AddressListTableViewCell.swift */,
			);
			path = "Addresses List";
			sourceTree = "<group>";
		};
		4567FD6E24D5F9AD00F5621A /* Profile */ = {
			isa = PBXGroup;
			children = (
				4567FD6F24D5F9CB00F5621A /* Profile.storyboard */,
				4567FD7224D5FF0C00F5621A /* ProfileViewController.swift */,
			);
			path = Profile;
			sourceTree = "<group>";
		};
		4567FD7C24D6873E00F5621A /* Basket */ = {
			isa = PBXGroup;
			children = (
				4567FD7D24D6876200F5621A /* Basket.storyboard */,
				4561164824D6A3B1007C169E /* BasketViewController.swift */,
				4561164A24D6A4B9007C169E /* BasketTableViewCell.swift */,
			);
			path = Basket;
			sourceTree = "<group>";
		};
		459FABC824C7866D00613F0D /* ThirdParty */ = {
			isa = PBXGroup;
			children = (
				459FABCB24C7869D00613F0D /* TestScenario.framework */,
				459FABC924C7869D00613F0D /* TestScenarioUI.framework */,
				459FABCA24C7869D00613F0D /* TestScenarioUtils.framework */,
			);
			path = ThirdParty;
			sourceTree = "<group>";
		};
		459FABCF24C8033500613F0D /* UI */ = {
			isa = PBXGroup;
			children = (
				4536D55E24D88DC7001905ED /* Checkout */,
				4567FD7C24D6873E00F5621A /* Basket */,
				4567FD6E24D5F9AD00F5621A /* Profile */,
				4567FD5E24D5A4B000F5621A /* Addresses List */,
				4522E07924D15A3000ECFA1F /* Products List */,
				459FABD424C8068B00613F0D /* Helpers */,
				45C0317824CDE666000F32D0 /* AddAddress */,
				459FABD324C8067200613F0D /* Login */,
			);
			path = UI;
			sourceTree = "<group>";
		};
		459FABD324C8067200613F0D /* Login */ = {
			isa = PBXGroup;
			children = (
				459FABD024C8066300613F0D /* LoginViewController.swift */,
				459FABD724C807BC00613F0D /* Login.storyboard */,
			);
			path = Login;
			sourceTree = "<group>";
		};
		459FABD424C8068B00613F0D /* Helpers */ = {
			isa = PBXGroup;
			children = (
				4536D56C24D9EEDC001905ED /* ContentSizedTableView.swift */,
				459FABD524C806EB00613F0D /* NibInstantiatable.swift */,
				4567FD7924D602FF00F5621A /* RoundedBlueButton.swift */,
			);
			path = Helpers;
			sourceTree = "<group>";
		};
		45C0317824CDE666000F32D0 /* AddAddress */ = {
			isa = PBXGroup;
			children = (
				45C0317924CDE666000F32D0 /* AddAddressViewController.swift */,
				45C0317A24CDE666000F32D0 /* AddAddress.storyboard */,
			);
			path = AddAddress;
			sourceTree = "<group>";
		};
		7B8FA95FB4F6127F3965BB78 /* Pods */ = {
			isa = PBXGroup;
			children = (
				E760F3CC69CCBD84D387650E /* Pods-farm.debug.xcconfig */,
				853527406ADAEB51FC4FEA98 /* Pods-farm.release.xcconfig */,
				6CA9BE7ABAE96BE8B79F48EB /* Pods-StorybookApp.debug.xcconfig */,
				11779560AADD4480A215F304 /* Pods-StorybookApp.release.xcconfig */,
				6D92ED40116491A656401E7F /* Pods-StorybookAppUITests.debug.xcconfig */,
				E333BE1A10F9BE9812DE83E6 /* Pods-StorybookAppUITests.release.xcconfig */,
			);
			path = Pods;
			sourceTree = "<group>";
		};
		D03CD518BDE4F1B55FE838F6 /* Frameworks */ = {
			isa = PBXGroup;
			children = (
				620395F4D433661D05C83696 /* Pods_StorybookApp.framework */,
				2A380952ED0DCB13F59DC0E8 /* Pods_StorybookAppUITests.framework */,
				F09D1F825211B54CE2AEFB5E /* Pods_farm.framework */,
			);
			name = Frameworks;
			sourceTree = "<group>";
		};
/* End PBXGroup section */

/* Begin PBXNativeTarget section */
		450D8A4A24C9769B004EAE80 /* StorybookApp */ = {
			isa = PBXNativeTarget;
			buildConfigurationList = 450D8A6B24C9769B004EAE80 /* Build configuration list for PBXNativeTarget "StorybookApp" */;
			buildPhases = (
				1FA79744553F81E146BE9220 /* [CP] Check Pods Manifest.lock */,
				450D8A4724C9769B004EAE80 /* Sources */,
				450D8A4824C9769B004EAE80 /* Frameworks */,
				450D8A4924C9769B004EAE80 /* Resources */,
				45C2041824CC00C000CF45D1 /* Embed Frameworks */,
				E166F4002D60D17A4FB3DA4C /* [CP] Embed Pods Frameworks */,
			);
			buildRules = (
			);
			dependencies = (
			);
			name = StorybookApp;
			productName = StorybookApp;
			productReference = 450D8A4B24C9769B004EAE80 /* Farm Storybook.app */;
			productType = "com.apple.product-type.application";
		};
		450D8A5F24C9769B004EAE80 /* StorybookAppUITests */ = {
			isa = PBXNativeTarget;
			buildConfigurationList = 450D8A6C24C9769B004EAE80 /* Build configuration list for PBXNativeTarget "StorybookAppUITests" */;
			buildPhases = (
				D0F930953E77F800298EA2C4 /* [CP] Check Pods Manifest.lock */,
				450D8A5C24C9769B004EAE80 /* Sources */,
				450D8A5D24C9769B004EAE80 /* Frameworks */,
				450D8A5E24C9769B004EAE80 /* Resources */,
				6A7EFD31728FFFA1107E954B /* [CP] Embed Pods Frameworks */,
			);
			buildRules = (
			);
			dependencies = (
				450D8A6224C9769B004EAE80 /* PBXTargetDependency */,
			);
			name = StorybookAppUITests;
			productName = StorybookAppUITests;
			productReference = 450D8A6024C9769B004EAE80 /* StorybookAppUITests.xctest */;
			productType = "com.apple.product-type.bundle.ui-testing";
		};
		45544BB924AB06BB00ECDF86 /* farm */ = {
			isa = PBXNativeTarget;
			buildConfigurationList = 45544BCE24AB06BF00ECDF86 /* Build configuration list for PBXNativeTarget "farm" */;
			buildPhases = (
				F8ED33933766FB04FFA0B649 /* [CP] Check Pods Manifest.lock */,
				45544BB624AB06BB00ECDF86 /* Sources */,
				45544BB724AB06BB00ECDF86 /* Frameworks */,
				45544BB824AB06BB00ECDF86 /* Resources */,
				8F8892D86F68D02A6C5C13CC /* [CP] Embed Pods Frameworks */,
			);
			buildRules = (
			);
			dependencies = (
			);
			name = farm;
			productName = farm;
			productReference = 45544BBA24AB06BB00ECDF86 /* farm.app */;
			productType = "com.apple.product-type.application";
		};
/* End PBXNativeTarget section */

/* Begin PBXProject section */
		45544BB224AB06BB00ECDF86 /* Project object */ = {
			isa = PBXProject;
			attributes = {
				LastSwiftUpdateCheck = 1160;
				LastUpgradeCheck = 1150;
				ORGANIZATIONNAME = SigmaSoftware;
				TargetAttributes = {
					450D8A4A24C9769B004EAE80 = {
						CreatedOnToolsVersion = 11.6;
					};
					450D8A5F24C9769B004EAE80 = {
						CreatedOnToolsVersion = 11.6;
						TestTargetID = 450D8A4A24C9769B004EAE80;
					};
					45544BB924AB06BB00ECDF86 = {
						CreatedOnToolsVersion = 11.5;
					};
				};
			};
			buildConfigurationList = 45544BB524AB06BB00ECDF86 /* Build configuration list for PBXProject "farm" */;
			compatibilityVersion = "Xcode 9.3";
			developmentRegion = en;
			hasScannedForEncodings = 0;
			knownRegions = (
				en,
				Base,
			);
			mainGroup = 45544BB124AB06BB00ECDF86;
			productRefGroup = 45544BBB24AB06BB00ECDF86 /* Products */;
			projectDirPath = "";
			projectRoot = "";
			targets = (
				45544BB924AB06BB00ECDF86 /* farm */,
				450D8A4A24C9769B004EAE80 /* StorybookApp */,
				450D8A5F24C9769B004EAE80 /* StorybookAppUITests */,
			);
		};
/* End PBXProject section */

/* Begin PBXResourcesBuildPhase section */
		450D8A4924C9769B004EAE80 /* Resources */ = {
			isa = PBXResourcesBuildPhase;
			buildActionMask = 2147483647;
			files = (
				450D8A5A24C9769B004EAE80 /* LaunchScreen.storyboard in Resources */,
				4567FD6124D5A4D000F5621A /* AddressesList.storyboard in Resources */,
				4561165024D6AE23007C169E /* Basket.storyboard in Resources */,
				45C0316B24CC3449000F32D0 /* Assets.xcassets in Resources */,
				4536D56324D8903A001905ED /* Checkout.storyboard in Resources */,
				4522E08324D16CE300ECFA1F /* ProductsList.storyboard in Resources */,
				45C2042024CC0A3C00CF45D1 /* Login.storyboard in Resources */,
				4567FD7124D5F9CB00F5621A /* Profile.storyboard in Resources */,
				45C0318224CDF4A7000F32D0 /* AddAddress.storyboard in Resources */,
			);
			runOnlyForDeploymentPostprocessing = 0;
		};
		450D8A5E24C9769B004EAE80 /* Resources */ = {
			isa = PBXResourcesBuildPhase;
			buildActionMask = 2147483647;
			files = (
			);
			runOnlyForDeploymentPostprocessing = 0;
		};
		45544BB824AB06BB00ECDF86 /* Resources */ = {
			isa = PBXResourcesBuildPhase;
			buildActionMask = 2147483647;
			files = (
				45C0317C24CDE666000F32D0 /* AddAddress.storyboard in Resources */,
				4567FD6024D5A4D000F5621A /* AddressesList.storyboard in Resources */,
				4567FD7E24D6876200F5621A /* Basket.storyboard in Resources */,
				459FABD824C807BC00613F0D /* Login.storyboard in Resources */,
				4536D56024D88DE3001905ED /* Checkout.storyboard in Resources */,
				4522E07B24D15C1400ECFA1F /* ProductsList.storyboard in Resources */,
				45544BCA24AB06BF00ECDF86 /* LaunchScreen.storyboard in Resources */,
				4567FD7024D5F9CB00F5621A /* Profile.storyboard in Resources */,
				45544BC724AB06BF00ECDF86 /* Assets.xcassets in Resources */,
			);
			runOnlyForDeploymentPostprocessing = 0;
		};
/* End PBXResourcesBuildPhase section */

/* Begin PBXShellScriptBuildPhase section */
		1FA79744553F81E146BE9220 /* [CP] Check Pods Manifest.lock */ = {
			isa = PBXShellScriptBuildPhase;
			buildActionMask = 2147483647;
			files = (
			);
			inputFileListPaths = (
			);
			inputPaths = (
				"${PODS_PODFILE_DIR_PATH}/Podfile.lock",
				"${PODS_ROOT}/Manifest.lock",
			);
			name = "[CP] Check Pods Manifest.lock";
			outputFileListPaths = (
			);
			outputPaths = (
				"$(DERIVED_FILE_DIR)/Pods-StorybookApp-checkManifestLockResult.txt",
			);
			runOnlyForDeploymentPostprocessing = 0;
			shellPath = /bin/sh;
			shellScript = "diff \"${PODS_PODFILE_DIR_PATH}/Podfile.lock\" \"${PODS_ROOT}/Manifest.lock\" > /dev/null\nif [ $? != 0 ] ; then\n    # print error to STDERR\n    echo \"error: The sandbox is not in sync with the Podfile.lock. Run 'pod install' or update your CocoaPods installation.\" >&2\n    exit 1\nfi\n# This output is used by Xcode 'outputs' to avoid re-running this script phase.\necho \"SUCCESS\" > \"${SCRIPT_OUTPUT_FILE_0}\"\n";
			showEnvVarsInLog = 0;
		};
		6A7EFD31728FFFA1107E954B /* [CP] Embed Pods Frameworks */ = {
			isa = PBXShellScriptBuildPhase;
			buildActionMask = 2147483647;
			files = (
			);
			inputFileListPaths = (
				"${PODS_ROOT}/Target Support Files/Pods-StorybookAppUITests/Pods-StorybookAppUITests-frameworks-${CONFIGURATION}-input-files.xcfilelist",
			);
			name = "[CP] Embed Pods Frameworks";
			outputFileListPaths = (
				"${PODS_ROOT}/Target Support Files/Pods-StorybookAppUITests/Pods-StorybookAppUITests-frameworks-${CONFIGURATION}-output-files.xcfilelist",
			);
			runOnlyForDeploymentPostprocessing = 0;
			shellPath = /bin/sh;
			shellScript = "\"${PODS_ROOT}/Target Support Files/Pods-StorybookAppUITests/Pods-StorybookAppUITests-frameworks.sh\"\n";
			showEnvVarsInLog = 0;
		};
		8F8892D86F68D02A6C5C13CC /* [CP] Embed Pods Frameworks */ = {
			isa = PBXShellScriptBuildPhase;
			buildActionMask = 2147483647;
			files = (
			);
			inputFileListPaths = (
				"${PODS_ROOT}/Target Support Files/Pods-farm/Pods-farm-frameworks-${CONFIGURATION}-input-files.xcfilelist",
			);
			name = "[CP] Embed Pods Frameworks";
			outputFileListPaths = (
				"${PODS_ROOT}/Target Support Files/Pods-farm/Pods-farm-frameworks-${CONFIGURATION}-output-files.xcfilelist",
			);
			runOnlyForDeploymentPostprocessing = 0;
			shellPath = /bin/sh;
			shellScript = "\"${PODS_ROOT}/Target Support Files/Pods-farm/Pods-farm-frameworks.sh\"\n";
			showEnvVarsInLog = 0;
		};
		D0F930953E77F800298EA2C4 /* [CP] Check Pods Manifest.lock */ = {
			isa = PBXShellScriptBuildPhase;
			buildActionMask = 2147483647;
			files = (
			);
			inputFileListPaths = (
			);
			inputPaths = (
				"${PODS_PODFILE_DIR_PATH}/Podfile.lock",
				"${PODS_ROOT}/Manifest.lock",
			);
			name = "[CP] Check Pods Manifest.lock";
			outputFileListPaths = (
			);
			outputPaths = (
				"$(DERIVED_FILE_DIR)/Pods-StorybookAppUITests-checkManifestLockResult.txt",
			);
			runOnlyForDeploymentPostprocessing = 0;
			shellPath = /bin/sh;
			shellScript = "diff \"${PODS_PODFILE_DIR_PATH}/Podfile.lock\" \"${PODS_ROOT}/Manifest.lock\" > /dev/null\nif [ $? != 0 ] ; then\n    # print error to STDERR\n    echo \"error: The sandbox is not in sync with the Podfile.lock. Run 'pod install' or update your CocoaPods installation.\" >&2\n    exit 1\nfi\n# This output is used by Xcode 'outputs' to avoid re-running this script phase.\necho \"SUCCESS\" > \"${SCRIPT_OUTPUT_FILE_0}\"\n";
			showEnvVarsInLog = 0;
		};
		E166F4002D60D17A4FB3DA4C /* [CP] Embed Pods Frameworks */ = {
			isa = PBXShellScriptBuildPhase;
			buildActionMask = 2147483647;
			files = (
			);
			inputFileListPaths = (
				"${PODS_ROOT}/Target Support Files/Pods-StorybookApp/Pods-StorybookApp-frameworks-${CONFIGURATION}-input-files.xcfilelist",
			);
			name = "[CP] Embed Pods Frameworks";
			outputFileListPaths = (
				"${PODS_ROOT}/Target Support Files/Pods-StorybookApp/Pods-StorybookApp-frameworks-${CONFIGURATION}-output-files.xcfilelist",
			);
			runOnlyForDeploymentPostprocessing = 0;
			shellPath = /bin/sh;
			shellScript = "\"${PODS_ROOT}/Target Support Files/Pods-StorybookApp/Pods-StorybookApp-frameworks.sh\"\n";
			showEnvVarsInLog = 0;
		};
		F8ED33933766FB04FFA0B649 /* [CP] Check Pods Manifest.lock */ = {
			isa = PBXShellScriptBuildPhase;
			buildActionMask = 2147483647;
			files = (
			);
			inputFileListPaths = (
			);
			inputPaths = (
				"${PODS_PODFILE_DIR_PATH}/Podfile.lock",
				"${PODS_ROOT}/Manifest.lock",
			);
			name = "[CP] Check Pods Manifest.lock";
			outputFileListPaths = (
			);
			outputPaths = (
				"$(DERIVED_FILE_DIR)/Pods-farm-checkManifestLockResult.txt",
			);
			runOnlyForDeploymentPostprocessing = 0;
			shellPath = /bin/sh;
			shellScript = "diff \"${PODS_PODFILE_DIR_PATH}/Podfile.lock\" \"${PODS_ROOT}/Manifest.lock\" > /dev/null\nif [ $? != 0 ] ; then\n    # print error to STDERR\n    echo \"error: The sandbox is not in sync with the Podfile.lock. Run 'pod install' or update your CocoaPods installation.\" >&2\n    exit 1\nfi\n# This output is used by Xcode 'outputs' to avoid re-running this script phase.\necho \"SUCCESS\" > \"${SCRIPT_OUTPUT_FILE_0}\"\n";
			showEnvVarsInLog = 0;
		};
/* End PBXShellScriptBuildPhase section */

/* Begin PBXSourcesBuildPhase section */
		450D8A4724C9769B004EAE80 /* Sources */ = {
			isa = PBXSourcesBuildPhase;
			buildActionMask = 2147483647;
			files = (
				4536D56E24D9FD8E001905ED /* ContentSizedTableView.swift in Sources */,
				4536D56624D89076001905ED /* CheckoutScenatrio.swift in Sources */,
				4561164E24D6ABB4007C169E /* BasketViewController.swift in Sources */,
				4561164F24D6ABB8007C169E /* BasketTableViewCell.swift in Sources */,
				4567FD7B24D602FF00F5621A /* RoundedBlueButton.swift in Sources */,
				45C2041E24CC093600CF45D1 /* LoginViewController.swift in Sources */,
				4567FD6724D5A92600F5621A /* AddressListTableViewCell.swift in Sources */,
				450D8A4E24C9769B004EAE80 /* AppDelegate.swift in Sources */,
				4567FD7724D601C800F5621A /* ProfileScenario.swift in Sources */,
				4522E08624D1F9A200ECFA1F /* ProductsListCell.swift in Sources */,
				45C2041F24CC0A1600CF45D1 /* NibInstantiatable.swift in Sources */,
				4522E07F24D15C4B00ECFA1F /* ProductsListScenario.swift in Sources */,
				4522E08124D16CDF00ECFA1F /* ProductsListViewController.swift in Sources */,
				45C2041D24CC07B700CF45D1 /* LoginScenario.swift in Sources */,
				4567FD6A24D5A96900F5621A /* AddressesListScenario.swift in Sources */,
				4567FD6424D5A4EB00F5621A /* AddressesListViewController.swift in Sources */,
				4536D56424D89047001905ED /* CheckoutViewController.swift in Sources */,
				4567FD7424D5FF0C00F5621A /* ProfileViewController.swift in Sources */,
				4561164D24D6AB4B007C169E /* BasketScenario.swift in Sources */,
				45C0317E24CDE8BA000F32D0 /* AddAddressScenario.swift in Sources */,
				45C0317F24CDED6D000F32D0 /* AddAddressViewController.swift in Sources */,
			);
			runOnlyForDeploymentPostprocessing = 0;
		};
		450D8A5C24C9769B004EAE80 /* Sources */ = {
			isa = PBXSourcesBuildPhase;
			buildActionMask = 2147483647;
			files = (
				45C0316D24CCA79C000F32D0 /* LoginViewController.swift in Sources */,
				45C0318024CDED6F000F32D0 /* AddAddressViewController.swift in Sources */,
				4567FD6C24D5B20B00F5621A /* AddressesListViewController.swift in Sources */,
				4522E08824D1F9BD00ECFA1F /* ProductsListCell.swift in Sources */,
				4536D56724D890CF001905ED /* CheckoutScenatrio.swift in Sources */,
				45C0318124CDED75000F32D0 /* AddAddressScenario.swift in Sources */,
				4522E08024D16CDB00ECFA1F /* ProductsListScenario.swift in Sources */,
				4567FD6D24D5B20E00F5621A /* AddressListTableViewCell.swift in Sources */,
				4522E08224D16CDF00ECFA1F /* ProductsListViewController.swift in Sources */,
				4567FD6B24D5B20100F5621A /* AddressesListScenario.swift in Sources */,
				450D8A6524C9769B004EAE80 /* StorybookAppUITests.swift in Sources */,
				45C0316E24CCA8A9000F32D0 /* NibInstantiatable.swift in Sources */,
				45C0316C24CCA0B2000F32D0 /* LoginScenario.swift in Sources */,
			);
			runOnlyForDeploymentPostprocessing = 0;
		};
		45544BB624AB06BB00ECDF86 /* Sources */ = {
			isa = PBXSourcesBuildPhase;
			buildActionMask = 2147483647;
			files = (
				4561164924D6A3B1007C169E /* BasketViewController.swift in Sources */,
				4561164B24D6A4B9007C169E /* BasketTableViewCell.swift in Sources */,
				45C0317B24CDE666000F32D0 /* AddAddressViewController.swift in Sources */,
				4567FD7A24D602FF00F5621A /* RoundedBlueButton.swift in Sources */,
				4567FD7624D601C800F5621A /* ProfileScenario.swift in Sources */,
				4522E08524D1F7A500ECFA1F /* ProductsListCell.swift in Sources */,
				4567FD6624D5A92600F5621A /* AddressListTableViewCell.swift in Sources */,
				459FABD124C8066300613F0D /* LoginViewController.swift in Sources */,
				45544BC224AB06BB00ECDF86 /* ViewController.swift in Sources */,
				4567FD6924D5A96900F5621A /* AddressesListScenario.swift in Sources */,
				4567FD7324D5FF0C00F5621A /* ProfileViewController.swift in Sources */,
				4536D56224D88DF4001905ED /* CheckoutViewController.swift in Sources */,
				459FABD624C806EB00613F0D /* NibInstantiatable.swift in Sources */,
				4567FD6324D5A4EB00F5621A /* AddressesListViewController.swift in Sources */,
				45544BBE24AB06BB00ECDF86 /* AppDelegate.swift in Sources */,
				4536D56D24D9EEDC001905ED /* ContentSizedTableView.swift in Sources */,
				4522E07D24D15C3100ECFA1F /* ProductsListViewController.swift in Sources */,
				45544BC024AB06BB00ECDF86 /* SceneDelegate.swift in Sources */,
			);
			runOnlyForDeploymentPostprocessing = 0;
		};
/* End PBXSourcesBuildPhase section */

/* Begin PBXTargetDependency section */
		450D8A6224C9769B004EAE80 /* PBXTargetDependency */ = {
			isa = PBXTargetDependency;
			target = 450D8A4A24C9769B004EAE80 /* StorybookApp */;
			targetProxy = 450D8A6124C9769B004EAE80 /* PBXContainerItemProxy */;
		};
/* End PBXTargetDependency section */

/* Begin PBXVariantGroup section */
		450D8A5824C9769B004EAE80 /* LaunchScreen.storyboard */ = {
			isa = PBXVariantGroup;
			children = (
				450D8A5924C9769B004EAE80 /* Base */,
			);
			name = LaunchScreen.storyboard;
			sourceTree = "<group>";
		};
		45544BC824AB06BF00ECDF86 /* LaunchScreen.storyboard */ = {
			isa = PBXVariantGroup;
			children = (
				45544BC924AB06BF00ECDF86 /* Base */,
			);
			name = LaunchScreen.storyboard;
			sourceTree = "<group>";
		};
/* End PBXVariantGroup section */

/* Begin XCBuildConfiguration section */
		450D8A6724C9769B004EAE80 /* Debug */ = {
			isa = XCBuildConfiguration;
			baseConfigurationReference = 6CA9BE7ABAE96BE8B79F48EB /* Pods-StorybookApp.debug.xcconfig */;
			buildSettings = {
				ASSETCATALOG_COMPILER_APPICON_NAME = AppIcon;
				CODE_SIGN_STYLE = Automatic;
				FRAMEWORK_SEARCH_PATHS = (
					"$(inherited)",
					"$(PROJECT_DIR)/ThirdParty",
				);
				INFOPLIST_FILE = StorybookApp/Info.plist;
				IPHONEOS_DEPLOYMENT_TARGET = 13.6;
				LD_RUNPATH_SEARCH_PATHS = (
					"$(inherited)",
					"@executable_path/Frameworks",
				);
				PRODUCT_BUNDLE_IDENTIFIER = com.private.StorybookApp;
				PRODUCT_NAME = "Farm Storybook";
				SWIFT_VERSION = 5.0;
				TARGETED_DEVICE_FAMILY = 1;
			};
			name = Debug;
		};
		450D8A6824C9769B004EAE80 /* Release */ = {
			isa = XCBuildConfiguration;
			baseConfigurationReference = 11779560AADD4480A215F304 /* Pods-StorybookApp.release.xcconfig */;
			buildSettings = {
				ASSETCATALOG_COMPILER_APPICON_NAME = AppIcon;
				CODE_SIGN_STYLE = Automatic;
				FRAMEWORK_SEARCH_PATHS = (
					"$(inherited)",
					"$(PROJECT_DIR)/ThirdParty",
				);
				INFOPLIST_FILE = StorybookApp/Info.plist;
				IPHONEOS_DEPLOYMENT_TARGET = 13.6;
				LD_RUNPATH_SEARCH_PATHS = (
					"$(inherited)",
					"@executable_path/Frameworks",
				);
				PRODUCT_BUNDLE_IDENTIFIER = com.private.StorybookApp;
				PRODUCT_NAME = "Farm Storybook";
				SWIFT_VERSION = 5.0;
				TARGETED_DEVICE_FAMILY = 1;
			};
			name = Release;
		};
		450D8A6924C9769B004EAE80 /* Debug */ = {
			isa = XCBuildConfiguration;
			baseConfigurationReference = 6D92ED40116491A656401E7F /* Pods-StorybookAppUITests.debug.xcconfig */;
			buildSettings = {
				CODE_SIGN_STYLE = Automatic;
				FRAMEWORK_SEARCH_PATHS = (
					"$(inherited)",
					"$(PROJECT_DIR)/ThirdParty",
				);
				INFOPLIST_FILE = StorybookAppUITests/Info.plist;
				IPHONEOS_DEPLOYMENT_TARGET = 13.6;
				LD_RUNPATH_SEARCH_PATHS = (
					"$(inherited)",
					"@executable_path/Frameworks",
					"@loader_path/Frameworks",
				);
				PRODUCT_BUNDLE_IDENTIFIER = com.private.StorybookAppUITests;
				PRODUCT_NAME = "$(TARGET_NAME)";
				SWIFT_VERSION = 5.0;
				TARGETED_DEVICE_FAMILY = "1,2";
				TEST_TARGET_NAME = StorybookApp;
			};
			name = Debug;
		};
		450D8A6A24C9769B004EAE80 /* Release */ = {
			isa = XCBuildConfiguration;
			baseConfigurationReference = E333BE1A10F9BE9812DE83E6 /* Pods-StorybookAppUITests.release.xcconfig */;
			buildSettings = {
				CODE_SIGN_STYLE = Automatic;
				FRAMEWORK_SEARCH_PATHS = (
					"$(inherited)",
					"$(PROJECT_DIR)/ThirdParty",
				);
				INFOPLIST_FILE = StorybookAppUITests/Info.plist;
				IPHONEOS_DEPLOYMENT_TARGET = 13.6;
				LD_RUNPATH_SEARCH_PATHS = (
					"$(inherited)",
					"@executable_path/Frameworks",
					"@loader_path/Frameworks",
				);
				PRODUCT_BUNDLE_IDENTIFIER = com.private.StorybookAppUITests;
				PRODUCT_NAME = "$(TARGET_NAME)";
				SWIFT_VERSION = 5.0;
				TARGETED_DEVICE_FAMILY = "1,2";
				TEST_TARGET_NAME = StorybookApp;
			};
			name = Release;
		};
		45544BCC24AB06BF00ECDF86 /* Debug */ = {
			isa = XCBuildConfiguration;
			buildSettings = {
				ALWAYS_SEARCH_USER_PATHS = NO;
				CLANG_ANALYZER_NONNULL = YES;
				CLANG_ANALYZER_NUMBER_OBJECT_CONVERSION = YES_AGGRESSIVE;
				CLANG_CXX_LANGUAGE_STANDARD = "gnu++14";
				CLANG_CXX_LIBRARY = "libc++";
				CLANG_ENABLE_MODULES = YES;
				CLANG_ENABLE_OBJC_ARC = YES;
				CLANG_ENABLE_OBJC_WEAK = YES;
				CLANG_WARN_BLOCK_CAPTURE_AUTORELEASING = YES;
				CLANG_WARN_BOOL_CONVERSION = YES;
				CLANG_WARN_COMMA = YES;
				CLANG_WARN_CONSTANT_CONVERSION = YES;
				CLANG_WARN_DEPRECATED_OBJC_IMPLEMENTATIONS = YES;
				CLANG_WARN_DIRECT_OBJC_ISA_USAGE = YES_ERROR;
				CLANG_WARN_DOCUMENTATION_COMMENTS = YES;
				CLANG_WARN_EMPTY_BODY = YES;
				CLANG_WARN_ENUM_CONVERSION = YES;
				CLANG_WARN_INFINITE_RECURSION = YES;
				CLANG_WARN_INT_CONVERSION = YES;
				CLANG_WARN_NON_LITERAL_NULL_CONVERSION = YES;
				CLANG_WARN_OBJC_IMPLICIT_RETAIN_SELF = YES;
				CLANG_WARN_OBJC_LITERAL_CONVERSION = YES;
				CLANG_WARN_OBJC_ROOT_CLASS = YES_ERROR;
				CLANG_WARN_RANGE_LOOP_ANALYSIS = YES;
				CLANG_WARN_STRICT_PROTOTYPES = YES;
				CLANG_WARN_SUSPICIOUS_MOVE = YES;
				CLANG_WARN_UNGUARDED_AVAILABILITY = YES_AGGRESSIVE;
				CLANG_WARN_UNREACHABLE_CODE = YES;
				CLANG_WARN__DUPLICATE_METHOD_MATCH = YES;
				COPY_PHASE_STRIP = NO;
				DEBUG_INFORMATION_FORMAT = dwarf;
				ENABLE_STRICT_OBJC_MSGSEND = YES;
				ENABLE_TESTABILITY = YES;
				GCC_C_LANGUAGE_STANDARD = gnu11;
				GCC_DYNAMIC_NO_PIC = NO;
				GCC_NO_COMMON_BLOCKS = YES;
				GCC_OPTIMIZATION_LEVEL = 0;
				GCC_PREPROCESSOR_DEFINITIONS = (
					"DEBUG=1",
					"$(inherited)",
				);
				GCC_WARN_64_TO_32_BIT_CONVERSION = YES;
				GCC_WARN_ABOUT_RETURN_TYPE = YES_ERROR;
				GCC_WARN_UNDECLARED_SELECTOR = YES;
				GCC_WARN_UNINITIALIZED_AUTOS = YES_AGGRESSIVE;
				GCC_WARN_UNUSED_FUNCTION = YES;
				GCC_WARN_UNUSED_VARIABLE = YES;
				IPHONEOS_DEPLOYMENT_TARGET = 13.5;
				MTL_ENABLE_DEBUG_INFO = INCLUDE_SOURCE;
				MTL_FAST_MATH = YES;
				ONLY_ACTIVE_ARCH = YES;
				SDKROOT = iphoneos;
				SWIFT_ACTIVE_COMPILATION_CONDITIONS = DEBUG;
				SWIFT_OPTIMIZATION_LEVEL = "-Onone";
			};
			name = Debug;
		};
		45544BCD24AB06BF00ECDF86 /* Release */ = {
			isa = XCBuildConfiguration;
			buildSettings = {
				ALWAYS_SEARCH_USER_PATHS = NO;
				CLANG_ANALYZER_NONNULL = YES;
				CLANG_ANALYZER_NUMBER_OBJECT_CONVERSION = YES_AGGRESSIVE;
				CLANG_CXX_LANGUAGE_STANDARD = "gnu++14";
				CLANG_CXX_LIBRARY = "libc++";
				CLANG_ENABLE_MODULES = YES;
				CLANG_ENABLE_OBJC_ARC = YES;
				CLANG_ENABLE_OBJC_WEAK = YES;
				CLANG_WARN_BLOCK_CAPTURE_AUTORELEASING = YES;
				CLANG_WARN_BOOL_CONVERSION = YES;
				CLANG_WARN_COMMA = YES;
				CLANG_WARN_CONSTANT_CONVERSION = YES;
				CLANG_WARN_DEPRECATED_OBJC_IMPLEMENTATIONS = YES;
				CLANG_WARN_DIRECT_OBJC_ISA_USAGE = YES_ERROR;
				CLANG_WARN_DOCUMENTATION_COMMENTS = YES;
				CLANG_WARN_EMPTY_BODY = YES;
				CLANG_WARN_ENUM_CONVERSION = YES;
				CLANG_WARN_INFINITE_RECURSION = YES;
				CLANG_WARN_INT_CONVERSION = YES;
				CLANG_WARN_NON_LITERAL_NULL_CONVERSION = YES;
				CLANG_WARN_OBJC_IMPLICIT_RETAIN_SELF = YES;
				CLANG_WARN_OBJC_LITERAL_CONVERSION = YES;
				CLANG_WARN_OBJC_ROOT_CLASS = YES_ERROR;
				CLANG_WARN_RANGE_LOOP_ANALYSIS = YES;
				CLANG_WARN_STRICT_PROTOTYPES = YES;
				CLANG_WARN_SUSPICIOUS_MOVE = YES;
				CLANG_WARN_UNGUARDED_AVAILABILITY = YES_AGGRESSIVE;
				CLANG_WARN_UNREACHABLE_CODE = YES;
				CLANG_WARN__DUPLICATE_METHOD_MATCH = YES;
				COPY_PHASE_STRIP = NO;
				DEBUG_INFORMATION_FORMAT = "dwarf-with-dsym";
				ENABLE_NS_ASSERTIONS = NO;
				ENABLE_STRICT_OBJC_MSGSEND = YES;
				GCC_C_LANGUAGE_STANDARD = gnu11;
				GCC_NO_COMMON_BLOCKS = YES;
				GCC_WARN_64_TO_32_BIT_CONVERSION = YES;
				GCC_WARN_ABOUT_RETURN_TYPE = YES_ERROR;
				GCC_WARN_UNDECLARED_SELECTOR = YES;
				GCC_WARN_UNINITIALIZED_AUTOS = YES_AGGRESSIVE;
				GCC_WARN_UNUSED_FUNCTION = YES;
				GCC_WARN_UNUSED_VARIABLE = YES;
				IPHONEOS_DEPLOYMENT_TARGET = 13.5;
				MTL_ENABLE_DEBUG_INFO = NO;
				MTL_FAST_MATH = YES;
				SDKROOT = iphoneos;
				SWIFT_COMPILATION_MODE = wholemodule;
				SWIFT_OPTIMIZATION_LEVEL = "-O";
				VALIDATE_PRODUCT = YES;
			};
			name = Release;
		};
		45544BCF24AB06BF00ECDF86 /* Debug */ = {
			isa = XCBuildConfiguration;
			baseConfigurationReference = E760F3CC69CCBD84D387650E /* Pods-farm.debug.xcconfig */;
			buildSettings = {
				ASSETCATALOG_COMPILER_APPICON_NAME = AppIcon;
				CODE_SIGN_STYLE = Automatic;
				DEVELOPMENT_TEAM = T6FZ8UX634;
				FRAMEWORK_SEARCH_PATHS = (
					"$(inherited)",
					"$(PROJECT_DIR)/ThirdParty",
				);
				INFOPLIST_FILE = farm/Info.plist;
				LD_RUNPATH_SEARCH_PATHS = (
					"$(inherited)",
					"@executable_path/Frameworks",
				);
				PRODUCT_BUNDLE_IDENTIFIER = com.sigma.farm.farm;
				PRODUCT_NAME = "$(TARGET_NAME)";
				SWIFT_VERSION = 5.0;
				TARGETED_DEVICE_FAMILY = 1;
			};
			name = Debug;
		};
		45544BD024AB06BF00ECDF86 /* Release */ = {
			isa = XCBuildConfiguration;
			baseConfigurationReference = 853527406ADAEB51FC4FEA98 /* Pods-farm.release.xcconfig */;
			buildSettings = {
				ASSETCATALOG_COMPILER_APPICON_NAME = AppIcon;
				CODE_SIGN_STYLE = Automatic;
				DEVELOPMENT_TEAM = T6FZ8UX634;
				FRAMEWORK_SEARCH_PATHS = (
					"$(inherited)",
					"$(PROJECT_DIR)/ThirdParty",
				);
				INFOPLIST_FILE = farm/Info.plist;
				LD_RUNPATH_SEARCH_PATHS = (
					"$(inherited)",
					"@executable_path/Frameworks",
				);
				PRODUCT_BUNDLE_IDENTIFIER = com.sigma.farm.farm;
				PRODUCT_NAME = "$(TARGET_NAME)";
				SWIFT_VERSION = 5.0;
				TARGETED_DEVICE_FAMILY = 1;
			};
			name = Release;
		};
/* End XCBuildConfiguration section */

/* Begin XCConfigurationList section */
		450D8A6B24C9769B004EAE80 /* Build configuration list for PBXNativeTarget "StorybookApp" */ = {
			isa = XCConfigurationList;
			buildConfigurations = (
				450D8A6724C9769B004EAE80 /* Debug */,
				450D8A6824C9769B004EAE80 /* Release */,
			);
			defaultConfigurationIsVisible = 0;
			defaultConfigurationName = Release;
		};
		450D8A6C24C9769B004EAE80 /* Build configuration list for PBXNativeTarget "StorybookAppUITests" */ = {
			isa = XCConfigurationList;
			buildConfigurations = (
				450D8A6924C9769B004EAE80 /* Debug */,
				450D8A6A24C9769B004EAE80 /* Release */,
			);
			defaultConfigurationIsVisible = 0;
			defaultConfigurationName = Release;
		};
		45544BB524AB06BB00ECDF86 /* Build configuration list for PBXProject "farm" */ = {
			isa = XCConfigurationList;
			buildConfigurations = (
				45544BCC24AB06BF00ECDF86 /* Debug */,
				45544BCD24AB06BF00ECDF86 /* Release */,
			);
			defaultConfigurationIsVisible = 0;
			defaultConfigurationName = Release;
		};
		45544BCE24AB06BF00ECDF86 /* Build configuration list for PBXNativeTarget "farm" */ = {
			isa = XCConfigurationList;
			buildConfigurations = (
				45544BCF24AB06BF00ECDF86 /* Debug */,
				45544BD024AB06BF00ECDF86 /* Release */,
			);
			defaultConfigurationIsVisible = 0;
			defaultConfigurationName = Release;
		};
/* End XCConfigurationList section */
	};
	rootObject = 45544BB224AB06BB00ECDF86 /* Project object */;
}
