PODS:
  - IQKeyboardManagerSwift (6.5.5)
  - SkyFloatingLabelTextField (3.7.0)

DEPENDENCIES:
  - IQKeyboardManagerSwift (= 6.5.5)
  - SkyFloatingLabelTextField (= 3.7.0)

SPEC REPOS:
  trunk:
    - IQKeyboardManagerSwift
    - SkyFloatingLabelTextField

SPEC CHECKSUMS:
  IQKeyboardManagerSwift: 0fb93310284665245591f50f7a5e38de615960b7
  SkyFloatingLabelTextField: 4b46db0ab1ccde0919cded29c656e6b4805eda04

PODFILE CHECKSUM: 56613858183a3db7ad1128a5dd77b523827d089e

COCOAPODS: 1.8.0
