PODS:
  - IQKeyboardManagerSwift (6.5.5)
  - SkyFloatingLabelTextField (3.7.0)

DEPENDENCIES:
  - IQKeyboardManagerSwift (= 6.5.5)
  - SkyFloatingLabelTextField (= 3.7.0)

SPEC REPOS:
  trunk:
    - IQKeyboardManagerSwift
    - SkyFloatingLabelTextField

SPEC CHECKSUMS:
  IQKeyboardManagerSwift: 0fb93310284665245591f50f7a5e38de615960b7
  SkyFloatingLabelTextField: 4b46db0ab1ccde0919cded29c656e6b4805eda04

PODFILE CHECKSUM: 3d5db3b329caac7e2d256afb6f4784fda2d829d6

COCOAPODS: 1.8.0
